
Microsoft Visual Studio Solution File, Format Version 12.00
# Visual Studio 2012
Project("{FAE04EC0-301F-11D3-BF4B-00C04F79EFBC}") = "Designer", "Designer\Designer.csproj", "{26437A88-CCC9-4006-BE4E-2EB3EAC8D78D}"
EndProject
Project("{FAE04EC0-301F-11D3-BF4B-00C04F79EFBC}") = "Projects", "Projects\Projects.csproj", "{FE02550C-5269-4327-A129-FB9D41316005}"
EndProject
Project("{FAE04EC0-301F-11D3-BF4B-00C04F79EFBC}") = "Compiler", "Compiler\Compiler.csproj", "{E71D2BBF-AD76-4CFC-A70E-5F731A00DA70}"
EndProject
Project("{FAE04EC0-301F-11D3-BF4B-00C04F79EFBC}") = "Interfaces", "Interfaces\Interfaces.csproj", "{6594CD45-2F17-4353-8CFC-8C314092821E}"
EndProject
Project("{FAE04EC0-301F-11D3-BF4B-00C04F79EFBC}") = "NET CSharp Generator", "NETCSharpGenerator\NET CSharp Generator.csproj", "{EE9B9418-9440-4146-810A-548353A78790}"
EndProject
Project("{FAE04EC0-301F-11D3-BF4B-00C04F79EFBC}") = "WinRT CSharp Generator", "WinRTCSharpGenerator\WinRT CSharp Generator.csproj", "{70BD6FC1-706E-497B-8F89-AEAFA6DD285F}"
EndProject
Global
	GlobalSection(SolutionConfigurationPlatforms) = preSolution
		Debug|Any CPU = Debug|Any CPU
		Debug|Mixed Platforms = Debug|Mixed Platforms
		Debug|x86 = Debug|x86
		Release (PROFESSIONAL)|Any CPU = Release (PROFESSIONAL)|Any CPU
		Release (PROFESSIONAL)|Mixed Platforms = Release (PROFESSIONAL)|Mixed Platforms
		Release (PROFESSIONAL)|x86 = Release (PROFESSIONAL)|x86
		Release (TRIAL)|Any CPU = Release (TRIAL)|Any CPU
		Release (TRIAL)|Mixed Platforms = Release (TRIAL)|Mixed Platforms
		Release (TRIAL)|x86 = Release (TRIAL)|x86
		Release (WINRT)|Any CPU = Release (WINRT)|Any CPU
		Release (WINRT)|Mixed Platforms = Release (WINRT)|Mixed Platforms
		Release (WINRT)|x86 = Release (WINRT)|x86
		Release|Any CPU = Release|Any CPU
		Release|Mixed Platforms = Release|Mixed Platforms
		Release|x86 = Release|x86
	EndGlobalSection
	GlobalSection(ProjectConfigurationPlatforms) = postSolution
		{26437A88-CCC9-4006-BE4E-2EB3EAC8D78D}.Debug|Any CPU.ActiveCfg = Debug|Any CPU
		{26437A88-CCC9-4006-BE4E-2EB3EAC8D78D}.Debug|Any CPU.Build.0 = Debug|Any CPU
		{26437A88-CCC9-4006-BE4E-2EB3EAC8D78D}.Debug|Mixed Platforms.ActiveCfg = Debug|Any CPU
		{26437A88-CCC9-4006-BE4E-2EB3EAC8D78D}.Debug|Mixed Platforms.Build.0 = Debug|Any CPU
		{26437A88-CCC9-4006-BE4E-2EB3EAC8D78D}.Debug|x86.ActiveCfg = Debug|Any CPU
		{26437A88-CCC9-4006-BE4E-2EB3EAC8D78D}.Release (PROFESSIONAL)|Any CPU.ActiveCfg = Release (PROFESSIONAL)|Any CPU
		{26437A88-CCC9-4006-BE4E-2EB3EAC8D78D}.Release (PROFESSIONAL)|Any CPU.Build.0 = Release (PROFESSIONAL)|Any CPU
		{26437A88-CCC9-4006-BE4E-2EB3EAC8D78D}.Release (PROFESSIONAL)|Mixed Platforms.ActiveCfg = Release (PROFESSIONAL)|Any CPU
		{26437A88-CCC9-4006-BE4E-2EB3EAC8D78D}.Release (PROFESSIONAL)|Mixed Platforms.Build.0 = Release (PROFESSIONAL)|Any CPU
		{26437A88-CCC9-4006-BE4E-2EB3EAC8D78D}.Release (PROFESSIONAL)|x86.ActiveCfg = Release (PROFESSIONAL)|Any CPU
		{26437A88-CCC9-4006-BE4E-2EB3EAC8D78D}.Release (TRIAL)|Any CPU.ActiveCfg = Release (TRIAL)|Any CPU
		{26437A88-CCC9-4006-BE4E-2EB3EAC8D78D}.Release (TRIAL)|Any CPU.Build.0 = Release (TRIAL)|Any CPU
		{26437A88-CCC9-4006-BE4E-2EB3EAC8D78D}.Release (TRIAL)|Mixed Platforms.ActiveCfg = Release (TRIAL)|Any CPU
		{26437A88-CCC9-4006-BE4E-2EB3EAC8D78D}.Release (TRIAL)|Mixed Platforms.Build.0 = Release (TRIAL)|Any CPU
		{26437A88-CCC9-4006-BE4E-2EB3EAC8D78D}.Release (TRIAL)|x86.ActiveCfg = Release (TRIAL)|Any CPU
		{26437A88-CCC9-4006-BE4E-2EB3EAC8D78D}.Release (WINRT)|Any CPU.ActiveCfg = Release (WINRT)|Any CPU
		{26437A88-CCC9-4006-BE4E-2EB3EAC8D78D}.Release (WINRT)|Any CPU.Build.0 = Release (WINRT)|Any CPU
		{26437A88-CCC9-4006-BE4E-2EB3EAC8D78D}.Release (WINRT)|Mixed Platforms.ActiveCfg = Release|Any CPU
		{26437A88-CCC9-4006-BE4E-2EB3EAC8D78D}.Release (WINRT)|Mixed Platforms.Build.0 = Release|Any CPU
		{26437A88-CCC9-4006-BE4E-2EB3EAC8D78D}.Release (WINRT)|x86.ActiveCfg = Release (WINRT)|Any CPU
		{26437A88-CCC9-4006-BE4E-2EB3EAC8D78D}.Release|Any CPU.ActiveCfg = Release|Any CPU
		{26437A88-CCC9-4006-BE4E-2EB3EAC8D78D}.Release|Any CPU.Build.0 = Release|Any CPU
		{26437A88-CCC9-4006-BE4E-2EB3EAC8D78D}.Release|Mixed Platforms.ActiveCfg = Release|Any CPU
		{26437A88-CCC9-4006-BE4E-2EB3EAC8D78D}.Release|Mixed Platforms.Build.0 = Release|Any CPU
		{26437A88-CCC9-4006-BE4E-2EB3EAC8D78D}.Release|x86.ActiveCfg = Release|Any CPU
		{FE02550C-5269-4327-A129-FB9D41316005}.Debug|Any CPU.ActiveCfg = Debug|Any CPU
		{FE02550C-5269-4327-A129-FB9D41316005}.Debug|Any CPU.Build.0 = Debug|Any CPU
		{FE02550C-5269-4327-A129-FB9D41316005}.Debug|Mixed Platforms.ActiveCfg = Debug|Any CPU
		{FE02550C-5269-4327-A129-FB9D41316005}.Debug|Mixed Platforms.Build.0 = Debug|Any CPU
		{FE02550C-5269-4327-A129-FB9D41316005}.Debug|x86.ActiveCfg = Debug|Any CPU
		{FE02550C-5269-4327-A129-FB9D41316005}.Release (PROFESSIONAL)|Any CPU.ActiveCfg = Release|Any CPU
		{FE02550C-5269-4327-A129-FB9D41316005}.Release (PROFESSIONAL)|Any CPU.Build.0 = Release|Any CPU
		{FE02550C-5269-4327-A129-FB9D41316005}.Release (PROFESSIONAL)|Mixed Platforms.ActiveCfg = Release|Any CPU
		{FE02550C-5269-4327-A129-FB9D41316005}.Release (PROFESSIONAL)|Mixed Platforms.Build.0 = Release|Any CPU
		{FE02550C-5269-4327-A129-FB9D41316005}.Release (PROFESSIONAL)|x86.ActiveCfg = Release|Any CPU
		{FE02550C-5269-4327-A129-FB9D41316005}.Release (TRIAL)|Any CPU.ActiveCfg = Release|Any CPU
		{FE02550C-5269-4327-A129-FB9D41316005}.Release (TRIAL)|Any CPU.Build.0 = Release|Any CPU
		{FE02550C-5269-4327-A129-FB9D41316005}.Release (TRIAL)|Mixed Platforms.ActiveCfg = Release|Any CPU
		{FE02550C-5269-4327-A129-FB9D41316005}.Release (TRIAL)|Mixed Platforms.Build.0 = Release|Any CPU
		{FE02550C-5269-4327-A129-FB9D41316005}.Release (TRIAL)|x86.ActiveCfg = Release|Any CPU
		{FE02550C-5269-4327-A129-FB9D41316005}.Release (WINRT)|Any CPU.ActiveCfg = Release|Any CPU
		{FE02550C-5269-4327-A129-FB9D41316005}.Release (WINRT)|Any CPU.Build.0 = Release|Any CPU
		{FE02550C-5269-4327-A129-FB9D41316005}.Release (WINRT)|Mixed Platforms.ActiveCfg = Release|Any CPU
		{FE02550C-5269-4327-A129-FB9D41316005}.Release (WINRT)|Mixed Platforms.Build.0 = Release|Any CPU
		{FE02550C-5269-4327-A129-FB9D41316005}.Release (WINRT)|x86.ActiveCfg = Release|Any CPU
		{FE02550C-5269-4327-A129-FB9D41316005}.Release|Any CPU.ActiveCfg = Release|Any CPU
		{FE02550C-5269-4327-A129-FB9D41316005}.Release|Any CPU.Build.0 = Release|Any CPU
		{FE02550C-5269-4327-A129-FB9D41316005}.Release|Mixed Platforms.ActiveCfg = Release|Any CPU
		{FE02550C-5269-4327-A129-FB9D41316005}.Release|Mixed Platforms.Build.0 = Release|Any CPU
		{FE02550C-5269-4327-A129-FB9D41316005}.Release|x86.ActiveCfg = Release|Any CPU
		{E71D2BBF-AD76-4CFC-A70E-5F731A00DA70}.Debug|Any CPU.ActiveCfg = Debug|Any CPU
		{E71D2BBF-AD76-4CFC-A70E-5F731A00DA70}.Debug|Any CPU.Build.0 = Debug|Any CPU
		{E71D2BBF-AD76-4CFC-A70E-5F731A00DA70}.Debug|Mixed Platforms.ActiveCfg = Debug|Any CPU
		{E71D2BBF-AD76-4CFC-A70E-5F731A00DA70}.Debug|Mixed Platforms.Build.0 = Debug|Any CPU
		{E71D2BBF-AD76-4CFC-A70E-5F731A00DA70}.Debug|x86.ActiveCfg = Debug|Any CPU
		{E71D2BBF-AD76-4CFC-A70E-5F731A00DA70}.Release (PROFESSIONAL)|Any CPU.ActiveCfg = Release|Any CPU
		{E71D2BBF-AD76-4CFC-A70E-5F731A00DA70}.Release (PROFESSIONAL)|Any CPU.Build.0 = Release|Any CPU
		{E71D2BBF-AD76-4CFC-A70E-5F731A00DA70}.Release (PROFESSIONAL)|Mixed Platforms.ActiveCfg = Release|Any CPU
		{E71D2BBF-AD76-4CFC-A70E-5F731A00DA70}.Release (PROFESSIONAL)|Mixed Platforms.Build.0 = Release|Any CPU
		{E71D2BBF-AD76-4CFC-A70E-5F731A00DA70}.Release (PROFESSIONAL)|x86.ActiveCfg = Release|Any CPU
		{E71D2BBF-AD76-4CFC-A70E-5F731A00DA70}.Release (TRIAL)|Any CPU.ActiveCfg = Release|Any CPU
		{E71D2BBF-AD76-4CFC-A70E-5F731A00DA70}.Release (TRIAL)|Any CPU.Build.0 = Release|Any CPU
		{E71D2BBF-AD76-4CFC-A70E-5F731A00DA70}.Release (TRIAL)|Mixed Platforms.ActiveCfg = Release|Any CPU
		{E71D2BBF-AD76-4CFC-A70E-5F731A00DA70}.Release (TRIAL)|Mixed Platforms.Build.0 = Release|Any CPU
		{E71D2BBF-AD76-4CFC-A70E-5F731A00DA70}.Release (TRIAL)|x86.ActiveCfg = Release|Any CPU
		{E71D2BBF-AD76-4CFC-A70E-5F731A00DA70}.Release (WINRT)|Any CPU.ActiveCfg = Release|Any CPU
		{E71D2BBF-AD76-4CFC-A70E-5F731A00DA70}.Release (WINRT)|Any CPU.Build.0 = Release|Any CPU
		{E71D2BBF-AD76-4CFC-A70E-5F731A00DA70}.Release (WINRT)|Mixed Platforms.ActiveCfg = Release|Any CPU
		{E71D2BBF-AD76-4CFC-A70E-5F731A00DA70}.Release (WINRT)|Mixed Platforms.Build.0 = Release|Any CPU
		{E71D2BBF-AD76-4CFC-A70E-5F731A00DA70}.Release (WINRT)|x86.ActiveCfg = Release|Any CPU
		{E71D2BBF-AD76-4CFC-A70E-5F731A00DA70}.Release|Any CPU.ActiveCfg = Release|Any CPU
		{E71D2BBF-AD76-4CFC-A70E-5F731A00DA70}.Release|Any CPU.Build.0 = Release|Any CPU
		{E71D2BBF-AD76-4CFC-A70E-5F731A00DA70}.Release|Mixed Platforms.ActiveCfg = Release|Any CPU
		{E71D2BBF-AD76-4CFC-A70E-5F731A00DA70}.Release|Mixed Platforms.Build.0 = Release|Any CPU
		{E71D2BBF-AD76-4CFC-A70E-5F731A00DA70}.Release|x86.ActiveCfg = Release|Any CPU
		{6594CD45-2F17-4353-8CFC-8C314092821E}.Debug|Any CPU.ActiveCfg = Debug|Any CPU
		{6594CD45-2F17-4353-8CFC-8C314092821E}.Debug|Any CPU.Build.0 = Debug|Any CPU
		{6594CD45-2F17-4353-8CFC-8C314092821E}.Debug|Mixed Platforms.ActiveCfg = Debug|Any CPU
		{6594CD45-2F17-4353-8CFC-8C314092821E}.Debug|Mixed Platforms.Build.0 = Debug|Any CPU
		{6594CD45-2F17-4353-8CFC-8C314092821E}.Debug|x86.ActiveCfg = Debug|Any CPU
		{6594CD45-2F17-4353-8CFC-8C314092821E}.Release (PROFESSIONAL)|Any CPU.ActiveCfg = Release|Any CPU
		{6594CD45-2F17-4353-8CFC-8C314092821E}.Release (PROFESSIONAL)|Any CPU.Build.0 = Release|Any CPU
		{6594CD45-2F17-4353-8CFC-8C314092821E}.Release (PROFESSIONAL)|Mixed Platforms.ActiveCfg = Release|Any CPU
		{6594CD45-2F17-4353-8CFC-8C314092821E}.Release (PROFESSIONAL)|Mixed Platforms.Build.0 = Release|Any CPU
		{6594CD45-2F17-4353-8CFC-8C314092821E}.Release (PROFESSIONAL)|x86.ActiveCfg = Release|Any CPU
		{6594CD45-2F17-4353-8CFC-8C314092821E}.Release (TRIAL)|Any CPU.ActiveCfg = Release|Any CPU
		{6594CD45-2F17-4353-8CFC-8C314092821E}.Release (TRIAL)|Any CPU.Build.0 = Release|Any CPU
		{6594CD45-2F17-4353-8CFC-8C314092821E}.Release (TRIAL)|Mixed Platforms.ActiveCfg = Release|Any CPU
		{6594CD45-2F17-4353-8CFC-8C314092821E}.Release (TRIAL)|Mixed Platforms.Build.0 = Release|Any CPU
		{6594CD45-2F17-4353-8CFC-8C314092821E}.Release (TRIAL)|x86.ActiveCfg = Release|Any CPU
		{6594CD45-2F17-4353-8CFC-8C314092821E}.Release (WINRT)|Any CPU.ActiveCfg = Release|Any CPU
		{6594CD45-2F17-4353-8CFC-8C314092821E}.Release (WINRT)|Any CPU.Build.0 = Release|Any CPU
		{6594CD45-2F17-4353-8CFC-8C314092821E}.Release (WINRT)|Mixed Platforms.ActiveCfg = Release|Any CPU
		{6594CD45-2F17-4353-8CFC-8C314092821E}.Release (WINRT)|Mixed Platforms.Build.0 = Release|Any CPU
		{6594CD45-2F17-4353-8CFC-8C314092821E}.Release (WINRT)|x86.ActiveCfg = Release|Any CPU
		{6594CD45-2F17-4353-8CFC-8C314092821E}.Release|Any CPU.ActiveCfg = Release|Any CPU
		{6594CD45-2F17-4353-8CFC-8C314092821E}.Release|Any CPU.Build.0 = Release|Any CPU
		{6594CD45-2F17-4353-8CFC-8C314092821E}.Release|Mixed Platforms.ActiveCfg = Release|Any CPU
		{6594CD45-2F17-4353-8CFC-8C314092821E}.Release|Mixed Platforms.Build.0 = Release|Any CPU
		{6594CD45-2F17-4353-8CFC-8C314092821E}.Release|x86.ActiveCfg = Release|Any CPU
		{EE9B9418-9440-4146-810A-548353A78790}.Debug|Any CPU.ActiveCfg = Debug|Any CPU
		{EE9B9418-9440-4146-810A-548353A78790}.Debug|Any CPU.Build.0 = Debug|Any CPU
		{EE9B9418-9440-4146-810A-548353A78790}.Debug|Mixed Platforms.ActiveCfg = Debug|Any CPU
		{EE9B9418-9440-4146-810A-548353A78790}.Debug|Mixed Platforms.Build.0 = Debug|Any CPU
		{EE9B9418-9440-4146-810A-548353A78790}.Debug|x86.ActiveCfg = Debug|Any CPU
		{EE9B9418-9440-4146-810A-548353A78790}.Release (PROFESSIONAL)|Any CPU.ActiveCfg = Release|Any CPU
		{EE9B9418-9440-4146-810A-548353A78790}.Release (PROFESSIONAL)|Any CPU.Build.0 = Release|Any CPU
		{EE9B9418-9440-4146-810A-548353A78790}.Release (PROFESSIONAL)|Mixed Platforms.ActiveCfg = Release|Any CPU
		{EE9B9418-9440-4146-810A-548353A78790}.Release (PROFESSIONAL)|Mixed Platforms.Build.0 = Release|Any CPU
		{EE9B9418-9440-4146-810A-548353A78790}.Release (PROFESSIONAL)|x86.ActiveCfg = Release|Any CPU
		{EE9B9418-9440-4146-810A-548353A78790}.Release (TRIAL)|Any CPU.ActiveCfg = Release|Any CPU
		{EE9B9418-9440-4146-810A-548353A78790}.Release (TRIAL)|Any CPU.Build.0 = Release|Any CPU
		{EE9B9418-9440-4146-810A-548353A78790}.Release (TRIAL)|Mixed Platforms.ActiveCfg = Release|Any CPU
		{EE9B9418-9440-4146-810A-548353A78790}.Release (TRIAL)|Mixed Platforms.Build.0 = Release|Any CPU
		{EE9B9418-9440-4146-810A-548353A78790}.Release (TRIAL)|x86.ActiveCfg = Release|Any CPU
		{EE9B9418-9440-4146-810A-548353A78790}.Release (WINRT)|Any CPU.ActiveCfg = Release|Any CPU
		{EE9B9418-9440-4146-810A-548353A78790}.Release (WINRT)|Any CPU.Build.0 = Release|Any CPU
		{EE9B9418-9440-4146-810A-548353A78790}.Release (WINRT)|Mixed Platforms.ActiveCfg = Release|Any CPU
		{EE9B9418-9440-4146-810A-548353A78790}.Release (WINRT)|Mixed Platforms.Build.0 = Release|Any CPU
		{EE9B9418-9440-4146-810A-548353A78790}.Release (WINRT)|x86.ActiveCfg = Release|Any CPU
		{EE9B9418-9440-4146-810A-548353A78790}.Release|Any CPU.ActiveCfg = Release|Any CPU
		{EE9B9418-9440-4146-810A-548353A78790}.Release|Any CPU.Build.0 = Release|Any CPU
		{EE9B9418-9440-4146-810A-548353A78790}.Release|Mixed Platforms.ActiveCfg = Release|Any CPU
		{EE9B9418-9440-4146-810A-548353A78790}.Release|Mixed Platforms.Build.0 = Release|Any CPU
		{EE9B9418-9440-4146-810A-548353A78790}.Release|x86.ActiveCfg = Release|Any CPU
		{70BD6FC1-706E-497B-8F89-AEAFA6DD285F}.Debug|Any CPU.ActiveCfg = Debug|Any CPU
		{70BD6FC1-706E-497B-8F89-AEAFA6DD285F}.Debug|Any CPU.Build.0 = Debug|Any CPU
		{70BD6FC1-706E-497B-8F89-AEAFA6DD285F}.Debug|Mixed Platforms.ActiveCfg = Debug|Any CPU
		{70BD6FC1-706E-497B-8F89-AEAFA6DD285F}.Debug|Mixed Platforms.Build.0 = Debug|Any CPU
		{70BD6FC1-706E-497B-8F89-AEAFA6DD285F}.Debug|x86.ActiveCfg = Debug|Any CPU
		{70BD6FC1-706E-497B-8F89-AEAFA6DD285F}.Release (PROFESSIONAL)|Any CPU.ActiveCfg = Release|Any CPU
		{70BD6FC1-706E-497B-8F89-AEAFA6DD285F}.Release (PROFESSIONAL)|Any CPU.Build.0 = Release|Any CPU
		{70BD6FC1-706E-497B-8F89-AEAFA6DD285F}.Release (PROFESSIONAL)|Mixed Platforms.ActiveCfg = Release|Any CPU
		{70BD6FC1-706E-497B-8F89-AEAFA6DD285F}.Release (PROFESSIONAL)|Mixed Platforms.Build.0 = Release|Any CPU
		{70BD6FC1-706E-497B-8F89-AEAFA6DD285F}.Release (PROFESSIONAL)|x86.ActiveCfg = Release|Any CPU
		{70BD6FC1-706E-497B-8F89-AEAFA6DD285F}.Release (TRIAL)|Any CPU.ActiveCfg = Release|Any CPU
		{70BD6FC1-706E-497B-8F89-AEAFA6DD285F}.Release (TRIAL)|Any CPU.Build.0 = Release|Any CPU
		{70BD6FC1-706E-497B-8F89-AEAFA6DD285F}.Release (TRIAL)|Mixed Platforms.ActiveCfg = Release|Any CPU
		{70BD6FC1-706E-497B-8F89-AEAFA6DD285F}.Release (TRIAL)|Mixed Platforms.Build.0 = Release|Any CPU
		{70BD6FC1-706E-497B-8F89-AEAFA6DD285F}.Release (TRIAL)|x86.ActiveCfg = Release|Any CPU
		{70BD6FC1-706E-497B-8F89-AEAFA6DD285F}.Release (WINRT)|Any CPU.ActiveCfg = Release|Any CPU
		{70BD6FC1-706E-497B-8F89-AEAFA6DD285F}.Release (WINRT)|Any CPU.Build.0 = Release|Any CPU
		{70BD6FC1-706E-497B-8F89-AEAFA6DD285F}.Release (WINRT)|Mixed Platforms.ActiveCfg = Release|Any CPU
		{70BD6FC1-706E-497B-8F89-AEAFA6DD285F}.Release (WINRT)|Mixed Platforms.Build.0 = Release|Any CPU
		{70BD6FC1-706E-497B-8F89-AEAFA6DD285F}.Release (WINRT)|x86.ActiveCfg = Release|Any CPU
		{70BD6FC1-706E-497B-8F89-AEAFA6DD285F}.Release|Any CPU.ActiveCfg = Release|Any CPU
		{70BD6FC1-706E-497B-8F89-AEAFA6DD285F}.Release|Any CPU.Build.0 = Release|Any CPU
		{70BD6FC1-706E-497B-8F89-AEAFA6DD285F}.Release|Mixed Platforms.ActiveCfg = Release|Any CPU
		{70BD6FC1-706E-497B-8F89-AEAFA6DD285F}.Release|Mixed Platforms.Build.0 = Release|Any CPU
		{70BD6FC1-706E-497B-8F89-AEAFA6DD285F}.Release|x86.ActiveCfg = Release|Any CPU
	EndGlobalSection
	GlobalSection(SolutionProperties) = preSolution
		HideSolutionNode = FALSE
	EndGlobalSection
EndGlobal
