
Microsoft Visual Studio Solution File, Format Version 12.00
# Visual Studio 2012
Project("{FAE04EC0-301F-11D3-BF4B-00C04F79EFBC}") = "Designer", "Designer\Designer.csproj", "{26437A88-CCC9-4006-BE4E-2EB3EAC8D78D}"
	ProjectSection(ProjectDependencies) = postProject
		{EE9B9418-9440-4146-810A-548353A78790} = {EE9B9418-9440-4146-810A-548353A78790}
		{70BD6FC1-706E-497B-8F89-AEAFA6DD285F} = {70BD6FC1-706E-497B-8F89-AEAFA6DD285F}
	EndProjectSection
EndProject
Project("{FAE04EC0-301F-11D3-BF4B-00C04F79EFBC}") = "Projects", "Projects\Projects.csproj", "{FE02550C-5269-4327-A129-FB9D41316005}"
EndProject
Project("{FAE04EC0-301F-11D3-BF4B-00C04F79EFBC}") = "Compiler", "Compiler\Compiler.csproj", "{E71D2BBF-AD76-4CFC-A70E-5F731A00DA70}"
	ProjectSection(ProjectDependencies) = postProject
		{EE9B9418-9440-4146-810A-548353A78790} = {EE9B9418-9440-4146-810A-548353A78790}
		{70BD6FC1-706E-497B-8F89-AEAFA6DD285F} = {70BD6FC1-706E-497B-8F89-AEAFA6DD285F}
	EndProjectSection
EndProject
Project("{FAE04EC0-301F-11D3-BF4B-00C04F79EFBC}") = "Interfaces", "Interfaces\Interfaces.csproj", "{6594CD45-2F17-4353-8CFC-8C314092821E}"
EndProject
Project("{FAE04EC0-301F-11D3-BF4B-00C04F79EFBC}") = "NET CSharp Generator", "NETCSharpGenerator\NET CSharp Generator.csproj", "{EE9B9418-9440-4146-810A-548353A78790}"
	ProjectSection(ProjectDependencies) = postProject
		{E0C78F45-83A4-4A6E-B0A7-98C8674CE01C} = {E0C78F45-83A4-4A6E-B0A7-98C8674CE01C}
		{8CA44665-A8DA-4055-B028-D28E86C4B1F6} = {8CA44665-A8DA-4055-B028-D28E86C4B1F6}
		{CEE83775-21EE-449F-8CBA-125F18F7856D} = {CEE83775-21EE-449F-8CBA-125F18F7856D}
		{FC3718BA-4EB5-4E27-AFD9-67E35D37BD44} = {FC3718BA-4EB5-4E27-AFD9-67E35D37BD44}
	EndProjectSection
EndProject
Project("{FAE04EC0-301F-11D3-BF4B-00C04F79EFBC}") = "WinRT CSharp Generator", "WinRTCSharpGenerator\WinRT CSharp Generator.csproj", "{70BD6FC1-706E-497B-8F89-AEAFA6DD285F}"
EndProject
Project("{FAE04EC0-301F-11D3-BF4B-00C04F79EFBC}") = "Toolkit - NET45", "ToolkitNET45\Toolkit - NET45.csproj", "{FC3718BA-4EB5-4E27-AFD9-67E35D37BD44}"
EndProject
Project("{FAE04EC0-301F-11D3-BF4B-00C04F79EFBC}") = "Toolkit - NET40", "ToolkitNET40\Toolkit - NET40.csproj", "{CEE83775-21EE-449F-8CBA-125F18F7856D}"
EndProject
Project("{FAE04EC0-301F-11D3-BF4B-00C04F79EFBC}") = "Toolkit - NET35", "ToolkitNET35\Toolkit - NET35.csproj", "{8CA44665-A8DA-4055-B028-D28E86C4B1F6}"
EndProject
Project("{FAE04EC0-301F-11D3-BF4B-00C04F79EFBC}") = "Toolkit - NET30", "ToolkitNET30\Toolkit - NET30.csproj", "{E0C78F45-83A4-4A6E-B0A7-98C8674CE01C}"
EndProject
Project("{FAE04EC0-301F-11D3-BF4B-00C04F79EFBC}") = "Toolkit - WinRT8", "ToolkitWinRT8\Toolkit - WinRT8.csproj", "{4ABBCBD5-723C-4E2C-B9FC-FE4EBB76F2DB}"
EndProject
Global
	GlobalSection(SolutionConfigurationPlatforms) = preSolution
		Debug|Any CPU = Debug|Any CPU
		Debug|ARM = Debug|ARM
		Debug|Mixed Platforms = Debug|Mixed Platforms
		Debug|Win32 = Debug|Win32
		Debug|x64 = Debug|x64
		Debug|x86 = Debug|x86
		Release (PROFESSIONAL)|Any CPU = Release (PROFESSIONAL)|Any CPU
		Release (PROFESSIONAL)|ARM = Release (PROFESSIONAL)|ARM
		Release (PROFESSIONAL)|Mixed Platforms = Release (PROFESSIONAL)|Mixed Platforms
		Release (PROFESSIONAL)|Win32 = Release (PROFESSIONAL)|Win32
		Release (PROFESSIONAL)|x64 = Release (PROFESSIONAL)|x64
		Release (PROFESSIONAL)|x86 = Release (PROFESSIONAL)|x86
		Release (TRIAL)|Any CPU = Release (TRIAL)|Any CPU
		Release (TRIAL)|ARM = Release (TRIAL)|ARM
		Release (TRIAL)|Mixed Platforms = Release (TRIAL)|Mixed Platforms
		Release (TRIAL)|Win32 = Release (TRIAL)|Win32
		Release (TRIAL)|x64 = Release (TRIAL)|x64
		Release (TRIAL)|x86 = Release (TRIAL)|x86
		Release (WINRT)|Any CPU = Release (WINRT)|Any CPU
		Release (WINRT)|ARM = Release (WINRT)|ARM
		Release (WINRT)|Mixed Platforms = Release (WINRT)|Mixed Platforms
		Release (WINRT)|Win32 = Release (WINRT)|Win32
		Release (WINRT)|x64 = Release (WINRT)|x64
		Release (WINRT)|x86 = Release (WINRT)|x86
		Release|Any CPU = Release|Any CPU
		Release|ARM = Release|ARM
		Release|Mixed Platforms = Release|Mixed Platforms
		Release|Win32 = Release|Win32
		Release|x64 = Release|x64
		Release|x86 = Release|x86
	EndGlobalSection
	GlobalSection(ProjectConfigurationPlatforms) = postSolution
		{26437A88-CCC9-4006-BE4E-2EB3EAC8D78D}.Debug|Any CPU.ActiveCfg = Debug|Any CPU
		{26437A88-CCC9-4006-BE4E-2EB3EAC8D78D}.Debug|Any CPU.Build.0 = Debug|Any CPU
		{26437A88-CCC9-4006-BE4E-2EB3EAC8D78D}.Debug|ARM.ActiveCfg = Debug|Any CPU
		{26437A88-CCC9-4006-BE4E-2EB3EAC8D78D}.Debug|Mixed Platforms.ActiveCfg = Debug|Any CPU
		{26437A88-CCC9-4006-BE4E-2EB3EAC8D78D}.Debug|Mixed Platforms.Build.0 = Debug|Any CPU
		{26437A88-CCC9-4006-BE4E-2EB3EAC8D78D}.Debug|Win32.ActiveCfg = Debug|Any CPU
		{26437A88-CCC9-4006-BE4E-2EB3EAC8D78D}.Debug|x64.ActiveCfg = Debug|Any CPU
		{26437A88-CCC9-4006-BE4E-2EB3EAC8D78D}.Debug|x86.ActiveCfg = Debug|Any CPU
		{26437A88-CCC9-4006-BE4E-2EB3EAC8D78D}.Release (PROFESSIONAL)|Any CPU.ActiveCfg = Release (PROFESSIONAL)|Any CPU
		{26437A88-CCC9-4006-BE4E-2EB3EAC8D78D}.Release (PROFESSIONAL)|Any CPU.Build.0 = Release (PROFESSIONAL)|Any CPU
		{26437A88-CCC9-4006-BE4E-2EB3EAC8D78D}.Release (PROFESSIONAL)|ARM.ActiveCfg = Release (PROFESSIONAL)|Any CPU
		{26437A88-CCC9-4006-BE4E-2EB3EAC8D78D}.Release (PROFESSIONAL)|Mixed Platforms.ActiveCfg = Release (PROFESSIONAL)|Any CPU
		{26437A88-CCC9-4006-BE4E-2EB3EAC8D78D}.Release (PROFESSIONAL)|Mixed Platforms.Build.0 = Release (PROFESSIONAL)|Any CPU
		{26437A88-CCC9-4006-BE4E-2EB3EAC8D78D}.Release (PROFESSIONAL)|Win32.ActiveCfg = Release (PROFESSIONAL)|Any CPU
		{26437A88-CCC9-4006-BE4E-2EB3EAC8D78D}.Release (PROFESSIONAL)|x64.ActiveCfg = Release (PROFESSIONAL)|Any CPU
		{26437A88-CCC9-4006-BE4E-2EB3EAC8D78D}.Release (PROFESSIONAL)|x86.ActiveCfg = Release (PROFESSIONAL)|Any CPU
		{26437A88-CCC9-4006-BE4E-2EB3EAC8D78D}.Release (TRIAL)|Any CPU.ActiveCfg = Release (TRIAL)|Any CPU
		{26437A88-CCC9-4006-BE4E-2EB3EAC8D78D}.Release (TRIAL)|Any CPU.Build.0 = Release (TRIAL)|Any CPU
		{26437A88-CCC9-4006-BE4E-2EB3EAC8D78D}.Release (TRIAL)|ARM.ActiveCfg = Release (TRIAL)|Any CPU
		{26437A88-CCC9-4006-BE4E-2EB3EAC8D78D}.Release (TRIAL)|Mixed Platforms.ActiveCfg = Release (TRIAL)|Any CPU
		{26437A88-CCC9-4006-BE4E-2EB3EAC8D78D}.Release (TRIAL)|Mixed Platforms.Build.0 = Release (TRIAL)|Any CPU
		{26437A88-CCC9-4006-BE4E-2EB3EAC8D78D}.Release (TRIAL)|Win32.ActiveCfg = Release (TRIAL)|Any CPU
		{26437A88-CCC9-4006-BE4E-2EB3EAC8D78D}.Release (TRIAL)|x64.ActiveCfg = Release (TRIAL)|Any CPU
		{26437A88-CCC9-4006-BE4E-2EB3EAC8D78D}.Release (TRIAL)|x86.ActiveCfg = Release (TRIAL)|Any CPU
		{26437A88-CCC9-4006-BE4E-2EB3EAC8D78D}.Release (WINRT)|Any CPU.ActiveCfg = Release (WINRT)|Any CPU
		{26437A88-CCC9-4006-BE4E-2EB3EAC8D78D}.Release (WINRT)|Any CPU.Build.0 = Release (WINRT)|Any CPU
		{26437A88-CCC9-4006-BE4E-2EB3EAC8D78D}.Release (WINRT)|ARM.ActiveCfg = Release (WINRT)|Any CPU
		{26437A88-CCC9-4006-BE4E-2EB3EAC8D78D}.Release (WINRT)|Mixed Platforms.ActiveCfg = Release|Any CPU
		{26437A88-CCC9-4006-BE4E-2EB3EAC8D78D}.Release (WINRT)|Mixed Platforms.Build.0 = Release|Any CPU
		{26437A88-CCC9-4006-BE4E-2EB3EAC8D78D}.Release (WINRT)|Win32.ActiveCfg = Release (WINRT)|Any CPU
		{26437A88-CCC9-4006-BE4E-2EB3EAC8D78D}.Release (WINRT)|x64.ActiveCfg = Release (WINRT)|Any CPU
		{26437A88-CCC9-4006-BE4E-2EB3EAC8D78D}.Release (WINRT)|x86.ActiveCfg = Release (WINRT)|Any CPU
		{26437A88-CCC9-4006-BE4E-2EB3EAC8D78D}.Release|Any CPU.ActiveCfg = Release|Any CPU
		{26437A88-CCC9-4006-BE4E-2EB3EAC8D78D}.Release|Any CPU.Build.0 = Release|Any CPU
		{26437A88-CCC9-4006-BE4E-2EB3EAC8D78D}.Release|ARM.ActiveCfg = Release|Any CPU
		{26437A88-CCC9-4006-BE4E-2EB3EAC8D78D}.Release|Mixed Platforms.ActiveCfg = Release|Any CPU
		{26437A88-CCC9-4006-BE4E-2EB3EAC8D78D}.Release|Mixed Platforms.Build.0 = Release|Any CPU
		{26437A88-CCC9-4006-BE4E-2EB3EAC8D78D}.Release|Win32.ActiveCfg = Release|Any CPU
		{26437A88-CCC9-4006-BE4E-2EB3EAC8D78D}.Release|x64.ActiveCfg = Release|Any CPU
		{26437A88-CCC9-4006-BE4E-2EB3EAC8D78D}.Release|x86.ActiveCfg = Release|Any CPU
		{FE02550C-5269-4327-A129-FB9D41316005}.Debug|Any CPU.ActiveCfg = Debug|Any CPU
		{FE02550C-5269-4327-A129-FB9D41316005}.Debug|Any CPU.Build.0 = Debug|Any CPU
		{FE02550C-5269-4327-A129-FB9D41316005}.Debug|ARM.ActiveCfg = Debug|Any CPU
		{FE02550C-5269-4327-A129-FB9D41316005}.Debug|Mixed Platforms.ActiveCfg = Debug|Any CPU
		{FE02550C-5269-4327-A129-FB9D41316005}.Debug|Mixed Platforms.Build.0 = Debug|Any CPU
		{FE02550C-5269-4327-A129-FB9D41316005}.Debug|Win32.ActiveCfg = Debug|Any CPU
		{FE02550C-5269-4327-A129-FB9D41316005}.Debug|x64.ActiveCfg = Debug|Any CPU
		{FE02550C-5269-4327-A129-FB9D41316005}.Debug|x86.ActiveCfg = Debug|Any CPU
		{FE02550C-5269-4327-A129-FB9D41316005}.Release (PROFESSIONAL)|Any CPU.ActiveCfg = Release|Any CPU
		{FE02550C-5269-4327-A129-FB9D41316005}.Release (PROFESSIONAL)|Any CPU.Build.0 = Release|Any CPU
		{FE02550C-5269-4327-A129-FB9D41316005}.Release (PROFESSIONAL)|ARM.ActiveCfg = Release (PROFESSIONAL)|Any CPU
		{FE02550C-5269-4327-A129-FB9D41316005}.Release (PROFESSIONAL)|Mixed Platforms.ActiveCfg = Release|Any CPU
		{FE02550C-5269-4327-A129-FB9D41316005}.Release (PROFESSIONAL)|Mixed Platforms.Build.0 = Release|Any CPU
		{FE02550C-5269-4327-A129-FB9D41316005}.Release (PROFESSIONAL)|Win32.ActiveCfg = Release (PROFESSIONAL)|Any CPU
		{FE02550C-5269-4327-A129-FB9D41316005}.Release (PROFESSIONAL)|x64.ActiveCfg = Release (PROFESSIONAL)|Any CPU
		{FE02550C-5269-4327-A129-FB9D41316005}.Release (PROFESSIONAL)|x86.ActiveCfg = Release|Any CPU
		{FE02550C-5269-4327-A129-FB9D41316005}.Release (TRIAL)|Any CPU.ActiveCfg = Release|Any CPU
		{FE02550C-5269-4327-A129-FB9D41316005}.Release (TRIAL)|Any CPU.Build.0 = Release|Any CPU
		{FE02550C-5269-4327-A129-FB9D41316005}.Release (TRIAL)|ARM.ActiveCfg = Release (TRIAL)|Any CPU
		{FE02550C-5269-4327-A129-FB9D41316005}.Release (TRIAL)|Mixed Platforms.ActiveCfg = Release|Any CPU
		{FE02550C-5269-4327-A129-FB9D41316005}.Release (TRIAL)|Mixed Platforms.Build.0 = Release|Any CPU
		{FE02550C-5269-4327-A129-FB9D41316005}.Release (TRIAL)|Win32.ActiveCfg = Release (TRIAL)|Any CPU
		{FE02550C-5269-4327-A129-FB9D41316005}.Release (TRIAL)|x64.ActiveCfg = Release (TRIAL)|Any CPU
		{FE02550C-5269-4327-A129-FB9D41316005}.Release (TRIAL)|x86.ActiveCfg = Release|Any CPU
		{FE02550C-5269-4327-A129-FB9D41316005}.Release (WINRT)|Any CPU.ActiveCfg = Release|Any CPU
		{FE02550C-5269-4327-A129-FB9D41316005}.Release (WINRT)|Any CPU.Build.0 = Release|Any CPU
		{FE02550C-5269-4327-A129-FB9D41316005}.Release (WINRT)|ARM.ActiveCfg = Release (WINRT)|Any CPU
		{FE02550C-5269-4327-A129-FB9D41316005}.Release (WINRT)|Mixed Platforms.ActiveCfg = Release|Any CPU
		{FE02550C-5269-4327-A129-FB9D41316005}.Release (WINRT)|Mixed Platforms.Build.0 = Release|Any CPU
		{FE02550C-5269-4327-A129-FB9D41316005}.Release (WINRT)|Win32.ActiveCfg = Release (WINRT)|Any CPU
		{FE02550C-5269-4327-A129-FB9D41316005}.Release (WINRT)|x64.ActiveCfg = Release (WINRT)|Any CPU
		{FE02550C-5269-4327-A129-FB9D41316005}.Release (WINRT)|x86.ActiveCfg = Release|Any CPU
		{FE02550C-5269-4327-A129-FB9D41316005}.Release|Any CPU.ActiveCfg = Release|Any CPU
		{FE02550C-5269-4327-A129-FB9D41316005}.Release|Any CPU.Build.0 = Release|Any CPU
		{FE02550C-5269-4327-A129-FB9D41316005}.Release|ARM.ActiveCfg = Release|Any CPU
		{FE02550C-5269-4327-A129-FB9D41316005}.Release|Mixed Platforms.ActiveCfg = Release|Any CPU
		{FE02550C-5269-4327-A129-FB9D41316005}.Release|Mixed Platforms.Build.0 = Release|Any CPU
		{FE02550C-5269-4327-A129-FB9D41316005}.Release|Win32.ActiveCfg = Release|Any CPU
		{FE02550C-5269-4327-A129-FB9D41316005}.Release|x64.ActiveCfg = Release|Any CPU
		{FE02550C-5269-4327-A129-FB9D41316005}.Release|x86.ActiveCfg = Release|Any CPU
		{E71D2BBF-AD76-4CFC-A70E-5F731A00DA70}.Debug|Any CPU.ActiveCfg = Debug|Any CPU
		{E71D2BBF-AD76-4CFC-A70E-5F731A00DA70}.Debug|Any CPU.Build.0 = Debug|Any CPU
		{E71D2BBF-AD76-4CFC-A70E-5F731A00DA70}.Debug|ARM.ActiveCfg = Debug|Any CPU
		{E71D2BBF-AD76-4CFC-A70E-5F731A00DA70}.Debug|Mixed Platforms.ActiveCfg = Debug|Any CPU
		{E71D2BBF-AD76-4CFC-A70E-5F731A00DA70}.Debug|Mixed Platforms.Build.0 = Debug|Any CPU
		{E71D2BBF-AD76-4CFC-A70E-5F731A00DA70}.Debug|Win32.ActiveCfg = Debug|Any CPU
		{E71D2BBF-AD76-4CFC-A70E-5F731A00DA70}.Debug|x64.ActiveCfg = Debug|Any CPU
		{E71D2BBF-AD76-4CFC-A70E-5F731A00DA70}.Debug|x86.ActiveCfg = Debug|Any CPU
		{E71D2BBF-AD76-4CFC-A70E-5F731A00DA70}.Release (PROFESSIONAL)|Any CPU.ActiveCfg = Release|Any CPU
		{E71D2BBF-AD76-4CFC-A70E-5F731A00DA70}.Release (PROFESSIONAL)|Any CPU.Build.0 = Release|Any CPU
		{E71D2BBF-AD76-4CFC-A70E-5F731A00DA70}.Release (PROFESSIONAL)|ARM.ActiveCfg = Release|Any CPU
		{E71D2BBF-AD76-4CFC-A70E-5F731A00DA70}.Release (PROFESSIONAL)|Mixed Platforms.ActiveCfg = Release|Any CPU
		{E71D2BBF-AD76-4CFC-A70E-5F731A00DA70}.Release (PROFESSIONAL)|Mixed Platforms.Build.0 = Release|Any CPU
		{E71D2BBF-AD76-4CFC-A70E-5F731A00DA70}.Release (PROFESSIONAL)|Win32.ActiveCfg = Release|Any CPU
		{E71D2BBF-AD76-4CFC-A70E-5F731A00DA70}.Release (PROFESSIONAL)|x64.ActiveCfg = Release|Any CPU
		{E71D2BBF-AD76-4CFC-A70E-5F731A00DA70}.Release (PROFESSIONAL)|x86.ActiveCfg = Release|Any CPU
		{E71D2BBF-AD76-4CFC-A70E-5F731A00DA70}.Release (TRIAL)|Any CPU.ActiveCfg = Release|Any CPU
		{E71D2BBF-AD76-4CFC-A70E-5F731A00DA70}.Release (TRIAL)|Any CPU.Build.0 = Release|Any CPU
		{E71D2BBF-AD76-4CFC-A70E-5F731A00DA70}.Release (TRIAL)|ARM.ActiveCfg = Release|Any CPU
		{E71D2BBF-AD76-4CFC-A70E-5F731A00DA70}.Release (TRIAL)|Mixed Platforms.ActiveCfg = Release|Any CPU
		{E71D2BBF-AD76-4CFC-A70E-5F731A00DA70}.Release (TRIAL)|Mixed Platforms.Build.0 = Release|Any CPU
		{E71D2BBF-AD76-4CFC-A70E-5F731A00DA70}.Release (TRIAL)|Win32.ActiveCfg = Release|Any CPU
		{E71D2BBF-AD76-4CFC-A70E-5F731A00DA70}.Release (TRIAL)|x64.ActiveCfg = Release|Any CPU
		{E71D2BBF-AD76-4CFC-A70E-5F731A00DA70}.Release (TRIAL)|x86.ActiveCfg = Release|Any CPU
		{E71D2BBF-AD76-4CFC-A70E-5F731A00DA70}.Release (WINRT)|Any CPU.ActiveCfg = Release|Any CPU
		{E71D2BBF-AD76-4CFC-A70E-5F731A00DA70}.Release (WINRT)|Any CPU.Build.0 = Release|Any CPU
		{E71D2BBF-AD76-4CFC-A70E-5F731A00DA70}.Release (WINRT)|ARM.ActiveCfg = Release|Any CPU
		{E71D2BBF-AD76-4CFC-A70E-5F731A00DA70}.Release (WINRT)|Mixed Platforms.ActiveCfg = Release|Any CPU
		{E71D2BBF-AD76-4CFC-A70E-5F731A00DA70}.Release (WINRT)|Mixed Platforms.Build.0 = Release|Any CPU
		{E71D2BBF-AD76-4CFC-A70E-5F731A00DA70}.Release (WINRT)|Win32.ActiveCfg = Release|Any CPU
		{E71D2BBF-AD76-4CFC-A70E-5F731A00DA70}.Release (WINRT)|x64.ActiveCfg = Release|Any CPU
		{E71D2BBF-AD76-4CFC-A70E-5F731A00DA70}.Release (WINRT)|x86.ActiveCfg = Release|Any CPU
		{E71D2BBF-AD76-4CFC-A70E-5F731A00DA70}.Release|Any CPU.ActiveCfg = Release|Any CPU
		{E71D2BBF-AD76-4CFC-A70E-5F731A00DA70}.Release|Any CPU.Build.0 = Release|Any CPU
		{E71D2BBF-AD76-4CFC-A70E-5F731A00DA70}.Release|ARM.ActiveCfg = Release|Any CPU
		{E71D2BBF-AD76-4CFC-A70E-5F731A00DA70}.Release|Mixed Platforms.ActiveCfg = Release|Any CPU
		{E71D2BBF-AD76-4CFC-A70E-5F731A00DA70}.Release|Mixed Platforms.Build.0 = Release|Any CPU
		{E71D2BBF-AD76-4CFC-A70E-5F731A00DA70}.Release|Win32.ActiveCfg = Release|Any CPU
		{E71D2BBF-AD76-4CFC-A70E-5F731A00DA70}.Release|x64.ActiveCfg = Release|Any CPU
		{E71D2BBF-AD76-4CFC-A70E-5F731A00DA70}.Release|x86.ActiveCfg = Release|Any CPU
		{6594CD45-2F17-4353-8CFC-8C314092821E}.Debug|Any CPU.ActiveCfg = Debug|Any CPU
		{6594CD45-2F17-4353-8CFC-8C314092821E}.Debug|Any CPU.Build.0 = Debug|Any CPU
		{6594CD45-2F17-4353-8CFC-8C314092821E}.Debug|ARM.ActiveCfg = Debug|Any CPU
		{6594CD45-2F17-4353-8CFC-8C314092821E}.Debug|Mixed Platforms.ActiveCfg = Debug|Any CPU
		{6594CD45-2F17-4353-8CFC-8C314092821E}.Debug|Mixed Platforms.Build.0 = Debug|Any CPU
		{6594CD45-2F17-4353-8CFC-8C314092821E}.Debug|Win32.ActiveCfg = Debug|Any CPU
		{6594CD45-2F17-4353-8CFC-8C314092821E}.Debug|x64.ActiveCfg = Debug|Any CPU
		{6594CD45-2F17-4353-8CFC-8C314092821E}.Debug|x86.ActiveCfg = Debug|Any CPU
		{6594CD45-2F17-4353-8CFC-8C314092821E}.Release (PROFESSIONAL)|Any CPU.ActiveCfg = Release|Any CPU
		{6594CD45-2F17-4353-8CFC-8C314092821E}.Release (PROFESSIONAL)|Any CPU.Build.0 = Release|Any CPU
		{6594CD45-2F17-4353-8CFC-8C314092821E}.Release (PROFESSIONAL)|ARM.ActiveCfg = Release|Any CPU
		{6594CD45-2F17-4353-8CFC-8C314092821E}.Release (PROFESSIONAL)|Mixed Platforms.ActiveCfg = Release|Any CPU
		{6594CD45-2F17-4353-8CFC-8C314092821E}.Release (PROFESSIONAL)|Mixed Platforms.Build.0 = Release|Any CPU
		{6594CD45-2F17-4353-8CFC-8C314092821E}.Release (PROFESSIONAL)|Win32.ActiveCfg = Release|Any CPU
		{6594CD45-2F17-4353-8CFC-8C314092821E}.Release (PROFESSIONAL)|x64.ActiveCfg = Release|Any CPU
		{6594CD45-2F17-4353-8CFC-8C314092821E}.Release (PROFESSIONAL)|x86.ActiveCfg = Release|Any CPU
		{6594CD45-2F17-4353-8CFC-8C314092821E}.Release (TRIAL)|Any CPU.ActiveCfg = Release|Any CPU
		{6594CD45-2F17-4353-8CFC-8C314092821E}.Release (TRIAL)|Any CPU.Build.0 = Release|Any CPU
		{6594CD45-2F17-4353-8CFC-8C314092821E}.Release (TRIAL)|ARM.ActiveCfg = Release|Any CPU
		{6594CD45-2F17-4353-8CFC-8C314092821E}.Release (TRIAL)|Mixed Platforms.ActiveCfg = Release|Any CPU
		{6594CD45-2F17-4353-8CFC-8C314092821E}.Release (TRIAL)|Mixed Platforms.Build.0 = Release|Any CPU
		{6594CD45-2F17-4353-8CFC-8C314092821E}.Release (TRIAL)|Win32.ActiveCfg = Release|Any CPU
		{6594CD45-2F17-4353-8CFC-8C314092821E}.Release (TRIAL)|x64.ActiveCfg = Release|Any CPU
		{6594CD45-2F17-4353-8CFC-8C314092821E}.Release (TRIAL)|x86.ActiveCfg = Release|Any CPU
		{6594CD45-2F17-4353-8CFC-8C314092821E}.Release (WINRT)|Any CPU.ActiveCfg = Release|Any CPU
		{6594CD45-2F17-4353-8CFC-8C314092821E}.Release (WINRT)|Any CPU.Build.0 = Release|Any CPU
		{6594CD45-2F17-4353-8CFC-8C314092821E}.Release (WINRT)|ARM.ActiveCfg = Release|Any CPU
		{6594CD45-2F17-4353-8CFC-8C314092821E}.Release (WINRT)|Mixed Platforms.ActiveCfg = Release|Any CPU
		{6594CD45-2F17-4353-8CFC-8C314092821E}.Release (WINRT)|Mixed Platforms.Build.0 = Release|Any CPU
		{6594CD45-2F17-4353-8CFC-8C314092821E}.Release (WINRT)|Win32.ActiveCfg = Release|Any CPU
		{6594CD45-2F17-4353-8CFC-8C314092821E}.Release (WINRT)|x64.ActiveCfg = Release|Any CPU
		{6594CD45-2F17-4353-8CFC-8C314092821E}.Release (WINRT)|x86.ActiveCfg = Release|Any CPU
		{6594CD45-2F17-4353-8CFC-8C314092821E}.Release|Any CPU.ActiveCfg = Release|Any CPU
		{6594CD45-2F17-4353-8CFC-8C314092821E}.Release|Any CPU.Build.0 = Release|Any CPU
		{6594CD45-2F17-4353-8CFC-8C314092821E}.Release|ARM.ActiveCfg = Release|Any CPU
		{6594CD45-2F17-4353-8CFC-8C314092821E}.Release|Mixed Platforms.ActiveCfg = Release|Any CPU
		{6594CD45-2F17-4353-8CFC-8C314092821E}.Release|Mixed Platforms.Build.0 = Release|Any CPU
		{6594CD45-2F17-4353-8CFC-8C314092821E}.Release|Win32.ActiveCfg = Release|Any CPU
		{6594CD45-2F17-4353-8CFC-8C314092821E}.Release|x64.ActiveCfg = Release|Any CPU
		{6594CD45-2F17-4353-8CFC-8C314092821E}.Release|x86.ActiveCfg = Release|Any CPU
		{EE9B9418-9440-4146-810A-548353A78790}.Debug|Any CPU.ActiveCfg = Debug|Any CPU
		{EE9B9418-9440-4146-810A-548353A78790}.Debug|Any CPU.Build.0 = Debug|Any CPU
		{EE9B9418-9440-4146-810A-548353A78790}.Debug|ARM.ActiveCfg = Debug|Any CPU
		{EE9B9418-9440-4146-810A-548353A78790}.Debug|Mixed Platforms.ActiveCfg = Debug|Any CPU
		{EE9B9418-9440-4146-810A-548353A78790}.Debug|Mixed Platforms.Build.0 = Debug|Any CPU
		{EE9B9418-9440-4146-810A-548353A78790}.Debug|Win32.ActiveCfg = Debug|Any CPU
		{EE9B9418-9440-4146-810A-548353A78790}.Debug|x64.ActiveCfg = Debug|Any CPU
		{EE9B9418-9440-4146-810A-548353A78790}.Debug|x86.ActiveCfg = Debug|Any CPU
		{EE9B9418-9440-4146-810A-548353A78790}.Release (PROFESSIONAL)|Any CPU.ActiveCfg = Release|Any CPU
		{EE9B9418-9440-4146-810A-548353A78790}.Release (PROFESSIONAL)|Any CPU.Build.0 = Release|Any CPU
		{EE9B9418-9440-4146-810A-548353A78790}.Release (PROFESSIONAL)|ARM.ActiveCfg = Release|Any CPU
		{EE9B9418-9440-4146-810A-548353A78790}.Release (PROFESSIONAL)|Mixed Platforms.ActiveCfg = Release|Any CPU
		{EE9B9418-9440-4146-810A-548353A78790}.Release (PROFESSIONAL)|Mixed Platforms.Build.0 = Release|Any CPU
		{EE9B9418-9440-4146-810A-548353A78790}.Release (PROFESSIONAL)|Win32.ActiveCfg = Release|Any CPU
		{EE9B9418-9440-4146-810A-548353A78790}.Release (PROFESSIONAL)|x64.ActiveCfg = Release|Any CPU
		{EE9B9418-9440-4146-810A-548353A78790}.Release (PROFESSIONAL)|x86.ActiveCfg = Release|Any CPU
		{EE9B9418-9440-4146-810A-548353A78790}.Release (TRIAL)|Any CPU.ActiveCfg = Release|Any CPU
		{EE9B9418-9440-4146-810A-548353A78790}.Release (TRIAL)|Any CPU.Build.0 = Release|Any CPU
		{EE9B9418-9440-4146-810A-548353A78790}.Release (TRIAL)|ARM.ActiveCfg = Release|Any CPU
		{EE9B9418-9440-4146-810A-548353A78790}.Release (TRIAL)|Mixed Platforms.ActiveCfg = Release|Any CPU
		{EE9B9418-9440-4146-810A-548353A78790}.Release (TRIAL)|Mixed Platforms.Build.0 = Release|Any CPU
		{EE9B9418-9440-4146-810A-548353A78790}.Release (TRIAL)|Win32.ActiveCfg = Release|Any CPU
		{EE9B9418-9440-4146-810A-548353A78790}.Release (TRIAL)|x64.ActiveCfg = Release|Any CPU
		{EE9B9418-9440-4146-810A-548353A78790}.Release (TRIAL)|x86.ActiveCfg = Release|Any CPU
		{EE9B9418-9440-4146-810A-548353A78790}.Release (WINRT)|Any CPU.ActiveCfg = Release|Any CPU
		{EE9B9418-9440-4146-810A-548353A78790}.Release (WINRT)|Any CPU.Build.0 = Release|Any CPU
		{EE9B9418-9440-4146-810A-548353A78790}.Release (WINRT)|ARM.ActiveCfg = Release|Any CPU
		{EE9B9418-9440-4146-810A-548353A78790}.Release (WINRT)|Mixed Platforms.ActiveCfg = Release|Any CPU
		{EE9B9418-9440-4146-810A-548353A78790}.Release (WINRT)|Mixed Platforms.Build.0 = Release|Any CPU
		{EE9B9418-9440-4146-810A-548353A78790}.Release (WINRT)|Win32.ActiveCfg = Release|Any CPU
		{EE9B9418-9440-4146-810A-548353A78790}.Release (WINRT)|x64.ActiveCfg = Release|Any CPU
		{EE9B9418-9440-4146-810A-548353A78790}.Release (WINRT)|x86.ActiveCfg = Release|Any CPU
		{EE9B9418-9440-4146-810A-548353A78790}.Release|Any CPU.ActiveCfg = Release|Any CPU
		{EE9B9418-9440-4146-810A-548353A78790}.Release|Any CPU.Build.0 = Release|Any CPU
		{EE9B9418-9440-4146-810A-548353A78790}.Release|ARM.ActiveCfg = Release|Any CPU
		{EE9B9418-9440-4146-810A-548353A78790}.Release|Mixed Platforms.ActiveCfg = Release|Any CPU
		{EE9B9418-9440-4146-810A-548353A78790}.Release|Mixed Platforms.Build.0 = Release|Any CPU
		{EE9B9418-9440-4146-810A-548353A78790}.Release|Win32.ActiveCfg = Release|Any CPU
		{EE9B9418-9440-4146-810A-548353A78790}.Release|x64.ActiveCfg = Release|Any CPU
		{EE9B9418-9440-4146-810A-548353A78790}.Release|x86.ActiveCfg = Release|Any CPU
		{70BD6FC1-706E-497B-8F89-AEAFA6DD285F}.Debug|Any CPU.ActiveCfg = Debug|Any CPU
		{70BD6FC1-706E-497B-8F89-AEAFA6DD285F}.Debug|Any CPU.Build.0 = Debug|Any CPU
		{70BD6FC1-706E-497B-8F89-AEAFA6DD285F}.Debug|ARM.ActiveCfg = Debug|Any CPU
		{70BD6FC1-706E-497B-8F89-AEAFA6DD285F}.Debug|Mixed Platforms.ActiveCfg = Debug|Any CPU
		{70BD6FC1-706E-497B-8F89-AEAFA6DD285F}.Debug|Mixed Platforms.Build.0 = Debug|Any CPU
		{70BD6FC1-706E-497B-8F89-AEAFA6DD285F}.Debug|Win32.ActiveCfg = Debug|Any CPU
		{70BD6FC1-706E-497B-8F89-AEAFA6DD285F}.Debug|x64.ActiveCfg = Debug|Any CPU
		{70BD6FC1-706E-497B-8F89-AEAFA6DD285F}.Debug|x86.ActiveCfg = Debug|Any CPU
		{70BD6FC1-706E-497B-8F89-AEAFA6DD285F}.Release (PROFESSIONAL)|Any CPU.ActiveCfg = Release|Any CPU
		{70BD6FC1-706E-497B-8F89-AEAFA6DD285F}.Release (PROFESSIONAL)|Any CPU.Build.0 = Release|Any CPU
		{70BD6FC1-706E-497B-8F89-AEAFA6DD285F}.Release (PROFESSIONAL)|ARM.ActiveCfg = Release|Any CPU
		{70BD6FC1-706E-497B-8F89-AEAFA6DD285F}.Release (PROFESSIONAL)|Mixed Platforms.ActiveCfg = Release|Any CPU
		{70BD6FC1-706E-497B-8F89-AEAFA6DD285F}.Release (PROFESSIONAL)|Mixed Platforms.Build.0 = Release|Any CPU
		{70BD6FC1-706E-497B-8F89-AEAFA6DD285F}.Release (PROFESSIONAL)|Win32.ActiveCfg = Release|Any CPU
		{70BD6FC1-706E-497B-8F89-AEAFA6DD285F}.Release (PROFESSIONAL)|x64.ActiveCfg = Release|Any CPU
		{70BD6FC1-706E-497B-8F89-AEAFA6DD285F}.Release (PROFESSIONAL)|x86.ActiveCfg = Release|Any CPU
		{70BD6FC1-706E-497B-8F89-AEAFA6DD285F}.Release (TRIAL)|Any CPU.ActiveCfg = Release|Any CPU
		{70BD6FC1-706E-497B-8F89-AEAFA6DD285F}.Release (TRIAL)|Any CPU.Build.0 = Release|Any CPU
		{70BD6FC1-706E-497B-8F89-AEAFA6DD285F}.Release (TRIAL)|ARM.ActiveCfg = Release|Any CPU
		{70BD6FC1-706E-497B-8F89-AEAFA6DD285F}.Release (TRIAL)|Mixed Platforms.ActiveCfg = Release|Any CPU
		{70BD6FC1-706E-497B-8F89-AEAFA6DD285F}.Release (TRIAL)|Mixed Platforms.Build.0 = Release|Any CPU
		{70BD6FC1-706E-497B-8F89-AEAFA6DD285F}.Release (TRIAL)|Win32.ActiveCfg = Release|Any CPU
		{70BD6FC1-706E-497B-8F89-AEAFA6DD285F}.Release (TRIAL)|x64.ActiveCfg = Release|Any CPU
		{70BD6FC1-706E-497B-8F89-AEAFA6DD285F}.Release (TRIAL)|x86.ActiveCfg = Release|Any CPU
		{70BD6FC1-706E-497B-8F89-AEAFA6DD285F}.Release (WINRT)|Any CPU.ActiveCfg = Release|Any CPU
		{70BD6FC1-706E-497B-8F89-AEAFA6DD285F}.Release (WINRT)|Any CPU.Build.0 = Release|Any CPU
		{70BD6FC1-706E-497B-8F89-AEAFA6DD285F}.Release (WINRT)|ARM.ActiveCfg = Release|Any CPU
		{70BD6FC1-706E-497B-8F89-AEAFA6DD285F}.Release (WINRT)|Mixed Platforms.ActiveCfg = Release|Any CPU
		{70BD6FC1-706E-497B-8F89-AEAFA6DD285F}.Release (WINRT)|Mixed Platforms.Build.0 = Release|Any CPU
		{70BD6FC1-706E-497B-8F89-AEAFA6DD285F}.Release (WINRT)|Win32.ActiveCfg = Release|Any CPU
		{70BD6FC1-706E-497B-8F89-AEAFA6DD285F}.Release (WINRT)|x64.ActiveCfg = Release|Any CPU
		{70BD6FC1-706E-497B-8F89-AEAFA6DD285F}.Release (WINRT)|x86.ActiveCfg = Release|Any CPU
		{70BD6FC1-706E-497B-8F89-AEAFA6DD285F}.Release|Any CPU.ActiveCfg = Release|Any CPU
		{70BD6FC1-706E-497B-8F89-AEAFA6DD285F}.Release|Any CPU.Build.0 = Release|Any CPU
		{70BD6FC1-706E-497B-8F89-AEAFA6DD285F}.Release|ARM.ActiveCfg = Release|Any CPU
		{70BD6FC1-706E-497B-8F89-AEAFA6DD285F}.Release|Mixed Platforms.ActiveCfg = Release|Any CPU
		{70BD6FC1-706E-497B-8F89-AEAFA6DD285F}.Release|Mixed Platforms.Build.0 = Release|Any CPU
		{70BD6FC1-706E-497B-8F89-AEAFA6DD285F}.Release|Win32.ActiveCfg = Release|Any CPU
		{70BD6FC1-706E-497B-8F89-AEAFA6DD285F}.Release|x64.ActiveCfg = Release|Any CPU
		{70BD6FC1-706E-497B-8F89-AEAFA6DD285F}.Release|x86.ActiveCfg = Release|Any CPU
		{FC3718BA-4EB5-4E27-AFD9-67E35D37BD44}.Debug|Any CPU.ActiveCfg = Debug|Any CPU
		{FC3718BA-4EB5-4E27-AFD9-67E35D37BD44}.Debug|Any CPU.Build.0 = Debug|Any CPU
		{FC3718BA-4EB5-4E27-AFD9-67E35D37BD44}.Debug|ARM.ActiveCfg = Debug|Any CPU
		{FC3718BA-4EB5-4E27-AFD9-67E35D37BD44}.Debug|Mixed Platforms.ActiveCfg = Debug|Any CPU
		{FC3718BA-4EB5-4E27-AFD9-67E35D37BD44}.Debug|Mixed Platforms.Build.0 = Debug|Any CPU
		{FC3718BA-4EB5-4E27-AFD9-67E35D37BD44}.Debug|Win32.ActiveCfg = Debug|Any CPU
		{FC3718BA-4EB5-4E27-AFD9-67E35D37BD44}.Debug|x64.ActiveCfg = Debug|Any CPU
		{FC3718BA-4EB5-4E27-AFD9-67E35D37BD44}.Debug|x86.ActiveCfg = Debug|Any CPU
		{FC3718BA-4EB5-4E27-AFD9-67E35D37BD44}.Release (PROFESSIONAL)|Any CPU.ActiveCfg = Release|Any CPU
		{FC3718BA-4EB5-4E27-AFD9-67E35D37BD44}.Release (PROFESSIONAL)|Any CPU.Build.0 = Release|Any CPU
		{FC3718BA-4EB5-4E27-AFD9-67E35D37BD44}.Release (PROFESSIONAL)|ARM.ActiveCfg = Release|Any CPU
		{FC3718BA-4EB5-4E27-AFD9-67E35D37BD44}.Release (PROFESSIONAL)|Mixed Platforms.ActiveCfg = Release|Any CPU
		{FC3718BA-4EB5-4E27-AFD9-67E35D37BD44}.Release (PROFESSIONAL)|Mixed Platforms.Build.0 = Release|Any CPU
		{FC3718BA-4EB5-4E27-AFD9-67E35D37BD44}.Release (PROFESSIONAL)|Win32.ActiveCfg = Release|Any CPU
		{FC3718BA-4EB5-4E27-AFD9-67E35D37BD44}.Release (PROFESSIONAL)|x64.ActiveCfg = Release|Any CPU
		{FC3718BA-4EB5-4E27-AFD9-67E35D37BD44}.Release (PROFESSIONAL)|x86.ActiveCfg = Release|Any CPU
		{FC3718BA-4EB5-4E27-AFD9-67E35D37BD44}.Release (TRIAL)|Any CPU.ActiveCfg = Release|Any CPU
		{FC3718BA-4EB5-4E27-AFD9-67E35D37BD44}.Release (TRIAL)|Any CPU.Build.0 = Release|Any CPU
		{FC3718BA-4EB5-4E27-AFD9-67E35D37BD44}.Release (TRIAL)|ARM.ActiveCfg = Release|Any CPU
		{FC3718BA-4EB5-4E27-AFD9-67E35D37BD44}.Release (TRIAL)|Mixed Platforms.ActiveCfg = Release|Any CPU
		{FC3718BA-4EB5-4E27-AFD9-67E35D37BD44}.Release (TRIAL)|Mixed Platforms.Build.0 = Release|Any CPU
		{FC3718BA-4EB5-4E27-AFD9-67E35D37BD44}.Release (TRIAL)|Win32.ActiveCfg = Release|Any CPU
		{FC3718BA-4EB5-4E27-AFD9-67E35D37BD44}.Release (TRIAL)|x64.ActiveCfg = Release|Any CPU
		{FC3718BA-4EB5-4E27-AFD9-67E35D37BD44}.Release (TRIAL)|x86.ActiveCfg = Release|Any CPU
		{FC3718BA-4EB5-4E27-AFD9-67E35D37BD44}.Release (WINRT)|Any CPU.ActiveCfg = Release|Any CPU
		{FC3718BA-4EB5-4E27-AFD9-67E35D37BD44}.Release (WINRT)|Any CPU.Build.0 = Release|Any CPU
		{FC3718BA-4EB5-4E27-AFD9-67E35D37BD44}.Release (WINRT)|ARM.ActiveCfg = Release|Any CPU
		{FC3718BA-4EB5-4E27-AFD9-67E35D37BD44}.Release (WINRT)|Mixed Platforms.ActiveCfg = Release|Any CPU
		{FC3718BA-4EB5-4E27-AFD9-67E35D37BD44}.Release (WINRT)|Mixed Platforms.Build.0 = Release|Any CPU
		{FC3718BA-4EB5-4E27-AFD9-67E35D37BD44}.Release (WINRT)|Win32.ActiveCfg = Release|Any CPU
		{FC3718BA-4EB5-4E27-AFD9-67E35D37BD44}.Release (WINRT)|x64.ActiveCfg = Release|Any CPU
		{FC3718BA-4EB5-4E27-AFD9-67E35D37BD44}.Release (WINRT)|x86.ActiveCfg = Release|Any CPU
		{FC3718BA-4EB5-4E27-AFD9-67E35D37BD44}.Release|Any CPU.ActiveCfg = Release|Any CPU
		{FC3718BA-4EB5-4E27-AFD9-67E35D37BD44}.Release|Any CPU.Build.0 = Release|Any CPU
		{FC3718BA-4EB5-4E27-AFD9-67E35D37BD44}.Release|ARM.ActiveCfg = Release|Any CPU
		{FC3718BA-4EB5-4E27-AFD9-67E35D37BD44}.Release|Mixed Platforms.ActiveCfg = Release|Any CPU
		{FC3718BA-4EB5-4E27-AFD9-67E35D37BD44}.Release|Mixed Platforms.Build.0 = Release|Any CPU
		{FC3718BA-4EB5-4E27-AFD9-67E35D37BD44}.Release|Win32.ActiveCfg = Release|Any CPU
		{FC3718BA-4EB5-4E27-AFD9-67E35D37BD44}.Release|x64.ActiveCfg = Release|Any CPU
		{FC3718BA-4EB5-4E27-AFD9-67E35D37BD44}.Release|x86.ActiveCfg = Release|Any CPU
		{CEE83775-21EE-449F-8CBA-125F18F7856D}.Debug|Any CPU.ActiveCfg = Debug|Any CPU
		{CEE83775-21EE-449F-8CBA-125F18F7856D}.Debug|Any CPU.Build.0 = Debug|Any CPU
		{CEE83775-21EE-449F-8CBA-125F18F7856D}.Debug|ARM.ActiveCfg = Debug|Any CPU
		{CEE83775-21EE-449F-8CBA-125F18F7856D}.Debug|Mixed Platforms.ActiveCfg = Debug|Any CPU
		{CEE83775-21EE-449F-8CBA-125F18F7856D}.Debug|Mixed Platforms.Build.0 = Debug|Any CPU
		{CEE83775-21EE-449F-8CBA-125F18F7856D}.Debug|Win32.ActiveCfg = Debug|Any CPU
		{CEE83775-21EE-449F-8CBA-125F18F7856D}.Debug|x64.ActiveCfg = Debug|Any CPU
		{CEE83775-21EE-449F-8CBA-125F18F7856D}.Debug|x86.ActiveCfg = Debug|Any CPU
		{CEE83775-21EE-449F-8CBA-125F18F7856D}.Release (PROFESSIONAL)|Any CPU.ActiveCfg = Release|Any CPU
		{CEE83775-21EE-449F-8CBA-125F18F7856D}.Release (PROFESSIONAL)|Any CPU.Build.0 = Release|Any CPU
		{CEE83775-21EE-449F-8CBA-125F18F7856D}.Release (PROFESSIONAL)|ARM.ActiveCfg = Release|Any CPU
		{CEE83775-21EE-449F-8CBA-125F18F7856D}.Release (PROFESSIONAL)|Mixed Platforms.ActiveCfg = Release|Any CPU
		{CEE83775-21EE-449F-8CBA-125F18F7856D}.Release (PROFESSIONAL)|Mixed Platforms.Build.0 = Release|Any CPU
		{CEE83775-21EE-449F-8CBA-125F18F7856D}.Release (PROFESSIONAL)|Win32.ActiveCfg = Release|Any CPU
		{CEE83775-21EE-449F-8CBA-125F18F7856D}.Release (PROFESSIONAL)|x64.ActiveCfg = Release|Any CPU
		{CEE83775-21EE-449F-8CBA-125F18F7856D}.Release (PROFESSIONAL)|x86.ActiveCfg = Release|Any CPU
		{CEE83775-21EE-449F-8CBA-125F18F7856D}.Release (TRIAL)|Any CPU.ActiveCfg = Release|Any CPU
		{CEE83775-21EE-449F-8CBA-125F18F7856D}.Release (TRIAL)|Any CPU.Build.0 = Release|Any CPU
		{CEE83775-21EE-449F-8CBA-125F18F7856D}.Release (TRIAL)|ARM.ActiveCfg = Release|Any CPU
		{CEE83775-21EE-449F-8CBA-125F18F7856D}.Release (TRIAL)|Mixed Platforms.ActiveCfg = Release|Any CPU
		{CEE83775-21EE-449F-8CBA-125F18F7856D}.Release (TRIAL)|Mixed Platforms.Build.0 = Release|Any CPU
		{CEE83775-21EE-449F-8CBA-125F18F7856D}.Release (TRIAL)|Win32.ActiveCfg = Release|Any CPU
		{CEE83775-21EE-449F-8CBA-125F18F7856D}.Release (TRIAL)|x64.ActiveCfg = Release|Any CPU
		{CEE83775-21EE-449F-8CBA-125F18F7856D}.Release (TRIAL)|x86.ActiveCfg = Release|Any CPU
		{CEE83775-21EE-449F-8CBA-125F18F7856D}.Release (WINRT)|Any CPU.ActiveCfg = Release|Any CPU
		{CEE83775-21EE-449F-8CBA-125F18F7856D}.Release (WINRT)|Any CPU.Build.0 = Release|Any CPU
		{CEE83775-21EE-449F-8CBA-125F18F7856D}.Release (WINRT)|ARM.ActiveCfg = Release|Any CPU
		{CEE83775-21EE-449F-8CBA-125F18F7856D}.Release (WINRT)|Mixed Platforms.ActiveCfg = Release|Any CPU
		{CEE83775-21EE-449F-8CBA-125F18F7856D}.Release (WINRT)|Mixed Platforms.Build.0 = Release|Any CPU
		{CEE83775-21EE-449F-8CBA-125F18F7856D}.Release (WINRT)|Win32.ActiveCfg = Release|Any CPU
		{CEE83775-21EE-449F-8CBA-125F18F7856D}.Release (WINRT)|x64.ActiveCfg = Release|Any CPU
		{CEE83775-21EE-449F-8CBA-125F18F7856D}.Release (WINRT)|x86.ActiveCfg = Release|Any CPU
		{CEE83775-21EE-449F-8CBA-125F18F7856D}.Release|Any CPU.ActiveCfg = Release|Any CPU
		{CEE83775-21EE-449F-8CBA-125F18F7856D}.Release|Any CPU.Build.0 = Release|Any CPU
		{CEE83775-21EE-449F-8CBA-125F18F7856D}.Release|ARM.ActiveCfg = Release|Any CPU
		{CEE83775-21EE-449F-8CBA-125F18F7856D}.Release|Mixed Platforms.ActiveCfg = Release|Any CPU
		{CEE83775-21EE-449F-8CBA-125F18F7856D}.Release|Mixed Platforms.Build.0 = Release|Any CPU
		{CEE83775-21EE-449F-8CBA-125F18F7856D}.Release|Win32.ActiveCfg = Release|Any CPU
		{CEE83775-21EE-449F-8CBA-125F18F7856D}.Release|x64.ActiveCfg = Release|Any CPU
		{CEE83775-21EE-449F-8CBA-125F18F7856D}.Release|x86.ActiveCfg = Release|Any CPU
		{8CA44665-A8DA-4055-B028-D28E86C4B1F6}.Debug|Any CPU.ActiveCfg = Debug|Any CPU
		{8CA44665-A8DA-4055-B028-D28E86C4B1F6}.Debug|Any CPU.Build.0 = Debug|Any CPU
		{8CA44665-A8DA-4055-B028-D28E86C4B1F6}.Debug|ARM.ActiveCfg = Debug|Any CPU
		{8CA44665-A8DA-4055-B028-D28E86C4B1F6}.Debug|Mixed Platforms.ActiveCfg = Debug|Any CPU
		{8CA44665-A8DA-4055-B028-D28E86C4B1F6}.Debug|Mixed Platforms.Build.0 = Debug|Any CPU
		{8CA44665-A8DA-4055-B028-D28E86C4B1F6}.Debug|Win32.ActiveCfg = Debug|Any CPU
		{8CA44665-A8DA-4055-B028-D28E86C4B1F6}.Debug|x64.ActiveCfg = Debug|Any CPU
		{8CA44665-A8DA-4055-B028-D28E86C4B1F6}.Debug|x86.ActiveCfg = Debug|Any CPU
		{8CA44665-A8DA-4055-B028-D28E86C4B1F6}.Release (PROFESSIONAL)|Any CPU.ActiveCfg = Release|Any CPU
		{8CA44665-A8DA-4055-B028-D28E86C4B1F6}.Release (PROFESSIONAL)|Any CPU.Build.0 = Release|Any CPU
		{8CA44665-A8DA-4055-B028-D28E86C4B1F6}.Release (PROFESSIONAL)|ARM.ActiveCfg = Release|Any CPU
		{8CA44665-A8DA-4055-B028-D28E86C4B1F6}.Release (PROFESSIONAL)|Mixed Platforms.ActiveCfg = Release|Any CPU
		{8CA44665-A8DA-4055-B028-D28E86C4B1F6}.Release (PROFESSIONAL)|Mixed Platforms.Build.0 = Release|Any CPU
		{8CA44665-A8DA-4055-B028-D28E86C4B1F6}.Release (PROFESSIONAL)|Win32.ActiveCfg = Release|Any CPU
		{8CA44665-A8DA-4055-B028-D28E86C4B1F6}.Release (PROFESSIONAL)|x64.ActiveCfg = Release|Any CPU
		{8CA44665-A8DA-4055-B028-D28E86C4B1F6}.Release (PROFESSIONAL)|x86.ActiveCfg = Release|Any CPU
		{8CA44665-A8DA-4055-B028-D28E86C4B1F6}.Release (TRIAL)|Any CPU.ActiveCfg = Release|Any CPU
		{8CA44665-A8DA-4055-B028-D28E86C4B1F6}.Release (TRIAL)|Any CPU.Build.0 = Release|Any CPU
		{8CA44665-A8DA-4055-B028-D28E86C4B1F6}.Release (TRIAL)|ARM.ActiveCfg = Release|Any CPU
		{8CA44665-A8DA-4055-B028-D28E86C4B1F6}.Release (TRIAL)|Mixed Platforms.ActiveCfg = Release|Any CPU
		{8CA44665-A8DA-4055-B028-D28E86C4B1F6}.Release (TRIAL)|Mixed Platforms.Build.0 = Release|Any CPU
		{8CA44665-A8DA-4055-B028-D28E86C4B1F6}.Release (TRIAL)|Win32.ActiveCfg = Release|Any CPU
		{8CA44665-A8DA-4055-B028-D28E86C4B1F6}.Release (TRIAL)|x64.ActiveCfg = Release|Any CPU
		{8CA44665-A8DA-4055-B028-D28E86C4B1F6}.Release (TRIAL)|x86.ActiveCfg = Release|Any CPU
		{8CA44665-A8DA-4055-B028-D28E86C4B1F6}.Release (WINRT)|Any CPU.ActiveCfg = Release|Any CPU
		{8CA44665-A8DA-4055-B028-D28E86C4B1F6}.Release (WINRT)|Any CPU.Build.0 = Release|Any CPU
		{8CA44665-A8DA-4055-B028-D28E86C4B1F6}.Release (WINRT)|ARM.ActiveCfg = Release|Any CPU
		{8CA44665-A8DA-4055-B028-D28E86C4B1F6}.Release (WINRT)|Mixed Platforms.ActiveCfg = Release|Any CPU
		{8CA44665-A8DA-4055-B028-D28E86C4B1F6}.Release (WINRT)|Mixed Platforms.Build.0 = Release|Any CPU
		{8CA44665-A8DA-4055-B028-D28E86C4B1F6}.Release (WINRT)|Win32.ActiveCfg = Release|Any CPU
		{8CA44665-A8DA-4055-B028-D28E86C4B1F6}.Release (WINRT)|x64.ActiveCfg = Release|Any CPU
		{8CA44665-A8DA-4055-B028-D28E86C4B1F6}.Release (WINRT)|x86.ActiveCfg = Release|Any CPU
		{8CA44665-A8DA-4055-B028-D28E86C4B1F6}.Release|Any CPU.ActiveCfg = Release|Any CPU
		{8CA44665-A8DA-4055-B028-D28E86C4B1F6}.Release|Any CPU.Build.0 = Release|Any CPU
		{8CA44665-A8DA-4055-B028-D28E86C4B1F6}.Release|ARM.ActiveCfg = Release|Any CPU
		{8CA44665-A8DA-4055-B028-D28E86C4B1F6}.Release|Mixed Platforms.ActiveCfg = Release|Any CPU
		{8CA44665-A8DA-4055-B028-D28E86C4B1F6}.Release|Mixed Platforms.Build.0 = Release|Any CPU
		{8CA44665-A8DA-4055-B028-D28E86C4B1F6}.Release|Win32.ActiveCfg = Release|Any CPU
		{8CA44665-A8DA-4055-B028-D28E86C4B1F6}.Release|x64.ActiveCfg = Release|Any CPU
		{8CA44665-A8DA-4055-B028-D28E86C4B1F6}.Release|x86.ActiveCfg = Release|Any CPU
		{E0C78F45-83A4-4A6E-B0A7-98C8674CE01C}.Debug|Any CPU.ActiveCfg = Debug|Any CPU
		{E0C78F45-83A4-4A6E-B0A7-98C8674CE01C}.Debug|Any CPU.Build.0 = Debug|Any CPU
		{E0C78F45-83A4-4A6E-B0A7-98C8674CE01C}.Debug|ARM.ActiveCfg = Debug|Any CPU
		{E0C78F45-83A4-4A6E-B0A7-98C8674CE01C}.Debug|Mixed Platforms.ActiveCfg = Debug|Any CPU
		{E0C78F45-83A4-4A6E-B0A7-98C8674CE01C}.Debug|Mixed Platforms.Build.0 = Debug|Any CPU
		{E0C78F45-83A4-4A6E-B0A7-98C8674CE01C}.Debug|Win32.ActiveCfg = Debug|Any CPU
		{E0C78F45-83A4-4A6E-B0A7-98C8674CE01C}.Debug|x64.ActiveCfg = Debug|Any CPU
		{E0C78F45-83A4-4A6E-B0A7-98C8674CE01C}.Debug|x86.ActiveCfg = Debug|Any CPU
		{E0C78F45-83A4-4A6E-B0A7-98C8674CE01C}.Release (PROFESSIONAL)|Any CPU.ActiveCfg = Release|Any CPU
		{E0C78F45-83A4-4A6E-B0A7-98C8674CE01C}.Release (PROFESSIONAL)|Any CPU.Build.0 = Release|Any CPU
		{E0C78F45-83A4-4A6E-B0A7-98C8674CE01C}.Release (PROFESSIONAL)|ARM.ActiveCfg = Release|Any CPU
		{E0C78F45-83A4-4A6E-B0A7-98C8674CE01C}.Release (PROFESSIONAL)|Mixed Platforms.ActiveCfg = Release|Any CPU
		{E0C78F45-83A4-4A6E-B0A7-98C8674CE01C}.Release (PROFESSIONAL)|Mixed Platforms.Build.0 = Release|Any CPU
		{E0C78F45-83A4-4A6E-B0A7-98C8674CE01C}.Release (PROFESSIONAL)|Win32.ActiveCfg = Release|Any CPU
		{E0C78F45-83A4-4A6E-B0A7-98C8674CE01C}.Release (PROFESSIONAL)|x64.ActiveCfg = Release|Any CPU
		{E0C78F45-83A4-4A6E-B0A7-98C8674CE01C}.Release (PROFESSIONAL)|x86.ActiveCfg = Release|Any CPU
		{E0C78F45-83A4-4A6E-B0A7-98C8674CE01C}.Release (TRIAL)|Any CPU.ActiveCfg = Release|Any CPU
		{E0C78F45-83A4-4A6E-B0A7-98C8674CE01C}.Release (TRIAL)|Any CPU.Build.0 = Release|Any CPU
		{E0C78F45-83A4-4A6E-B0A7-98C8674CE01C}.Release (TRIAL)|ARM.ActiveCfg = Release|Any CPU
		{E0C78F45-83A4-4A6E-B0A7-98C8674CE01C}.Release (TRIAL)|Mixed Platforms.ActiveCfg = Release|Any CPU
		{E0C78F45-83A4-4A6E-B0A7-98C8674CE01C}.Release (TRIAL)|Mixed Platforms.Build.0 = Release|Any CPU
		{E0C78F45-83A4-4A6E-B0A7-98C8674CE01C}.Release (TRIAL)|Win32.ActiveCfg = Release|Any CPU
		{E0C78F45-83A4-4A6E-B0A7-98C8674CE01C}.Release (TRIAL)|x64.ActiveCfg = Release|Any CPU
		{E0C78F45-83A4-4A6E-B0A7-98C8674CE01C}.Release (TRIAL)|x86.ActiveCfg = Release|Any CPU
		{E0C78F45-83A4-4A6E-B0A7-98C8674CE01C}.Release (WINRT)|Any CPU.ActiveCfg = Release|Any CPU
		{E0C78F45-83A4-4A6E-B0A7-98C8674CE01C}.Release (WINRT)|Any CPU.Build.0 = Release|Any CPU
		{E0C78F45-83A4-4A6E-B0A7-98C8674CE01C}.Release (WINRT)|ARM.ActiveCfg = Release|Any CPU
		{E0C78F45-83A4-4A6E-B0A7-98C8674CE01C}.Release (WINRT)|Mixed Platforms.ActiveCfg = Release|Any CPU
		{E0C78F45-83A4-4A6E-B0A7-98C8674CE01C}.Release (WINRT)|Mixed Platforms.Build.0 = Release|Any CPU
		{E0C78F45-83A4-4A6E-B0A7-98C8674CE01C}.Release (WINRT)|Win32.ActiveCfg = Release|Any CPU
		{E0C78F45-83A4-4A6E-B0A7-98C8674CE01C}.Release (WINRT)|x64.ActiveCfg = Release|Any CPU
		{E0C78F45-83A4-4A6E-B0A7-98C8674CE01C}.Release (WINRT)|x86.ActiveCfg = Release|Any CPU
		{E0C78F45-83A4-4A6E-B0A7-98C8674CE01C}.Release|Any CPU.ActiveCfg = Release|Any CPU
		{E0C78F45-83A4-4A6E-B0A7-98C8674CE01C}.Release|Any CPU.Build.0 = Release|Any CPU
		{E0C78F45-83A4-4A6E-B0A7-98C8674CE01C}.Release|ARM.ActiveCfg = Release|Any CPU
		{E0C78F45-83A4-4A6E-B0A7-98C8674CE01C}.Release|Mixed Platforms.ActiveCfg = Release|Any CPU
		{E0C78F45-83A4-4A6E-B0A7-98C8674CE01C}.Release|Mixed Platforms.Build.0 = Release|Any CPU
		{E0C78F45-83A4-4A6E-B0A7-98C8674CE01C}.Release|Win32.ActiveCfg = Release|Any CPU
		{E0C78F45-83A4-4A6E-B0A7-98C8674CE01C}.Release|x64.ActiveCfg = Release|Any CPU
		{E0C78F45-83A4-4A6E-B0A7-98C8674CE01C}.Release|x86.ActiveCfg = Release|Any CPU
		{4ABBCBD5-723C-4E2C-B9FC-FE4EBB76F2DB}.Debug|Any CPU.ActiveCfg = Debug|Any CPU
		{4ABBCBD5-723C-4E2C-B9FC-FE4EBB76F2DB}.Debug|Any CPU.Build.0 = Debug|Any CPU
		{4ABBCBD5-723C-4E2C-B9FC-FE4EBB76F2DB}.Debug|ARM.ActiveCfg = Debug|ARM
		{4ABBCBD5-723C-4E2C-B9FC-FE4EBB76F2DB}.Debug|ARM.Build.0 = Debug|ARM
		{4ABBCBD5-723C-4E2C-B9FC-FE4EBB76F2DB}.Debug|Mixed Platforms.ActiveCfg = Debug|x86
		{4ABBCBD5-723C-4E2C-B9FC-FE4EBB76F2DB}.Debug|Mixed Platforms.Build.0 = Debug|x86
		{4ABBCBD5-723C-4E2C-B9FC-FE4EBB76F2DB}.Debug|Win32.ActiveCfg = Debug|x86
		{4ABBCBD5-723C-4E2C-B9FC-FE4EBB76F2DB}.Debug|Win32.Build.0 = Debug|x86
		{4ABBCBD5-723C-4E2C-B9FC-FE4EBB76F2DB}.Debug|x64.ActiveCfg = Debug|x64
		{4ABBCBD5-723C-4E2C-B9FC-FE4EBB76F2DB}.Debug|x64.Build.0 = Debug|x64
		{4ABBCBD5-723C-4E2C-B9FC-FE4EBB76F2DB}.Debug|x86.ActiveCfg = Debug|x86
		{4ABBCBD5-723C-4E2C-B9FC-FE4EBB76F2DB}.Debug|x86.Build.0 = Debug|x86
		{4ABBCBD5-723C-4E2C-B9FC-FE4EBB76F2DB}.Release (PROFESSIONAL)|Any CPU.ActiveCfg = Release|Any CPU
		{4ABBCBD5-723C-4E2C-B9FC-FE4EBB76F2DB}.Release (PROFESSIONAL)|Any CPU.Build.0 = Release|Any CPU
		{4ABBCBD5-723C-4E2C-B9FC-FE4EBB76F2DB}.Release (PROFESSIONAL)|ARM.ActiveCfg = Release|ARM
		{4ABBCBD5-723C-4E2C-B9FC-FE4EBB76F2DB}.Release (PROFESSIONAL)|ARM.Build.0 = Release|ARM
		{4ABBCBD5-723C-4E2C-B9FC-FE4EBB76F2DB}.Release (PROFESSIONAL)|Mixed Platforms.ActiveCfg = Release|x86
		{4ABBCBD5-723C-4E2C-B9FC-FE4EBB76F2DB}.Release (PROFESSIONAL)|Mixed Platforms.Build.0 = Release|x86
		{4ABBCBD5-723C-4E2C-B9FC-FE4EBB76F2DB}.Release (PROFESSIONAL)|Win32.ActiveCfg = Release|x86
		{4ABBCBD5-723C-4E2C-B9FC-FE4EBB76F2DB}.Release (PROFESSIONAL)|Win32.Build.0 = Release|x86
		{4ABBCBD5-723C-4E2C-B9FC-FE4EBB76F2DB}.Release (PROFESSIONAL)|x64.ActiveCfg = Release|x64
		{4ABBCBD5-723C-4E2C-B9FC-FE4EBB76F2DB}.Release (PROFESSIONAL)|x64.Build.0 = Release|x64
		{4ABBCBD5-723C-4E2C-B9FC-FE4EBB76F2DB}.Release (PROFESSIONAL)|x86.ActiveCfg = Release|x86
		{4ABBCBD5-723C-4E2C-B9FC-FE4EBB76F2DB}.Release (PROFESSIONAL)|x86.Build.0 = Release|x86
		{4ABBCBD5-723C-4E2C-B9FC-FE4EBB76F2DB}.Release (TRIAL)|Any CPU.ActiveCfg = Release|Any CPU
		{4ABBCBD5-723C-4E2C-B9FC-FE4EBB76F2DB}.Release (TRIAL)|Any CPU.Build.0 = Release|Any CPU
		{4ABBCBD5-723C-4E2C-B9FC-FE4EBB76F2DB}.Release (TRIAL)|ARM.ActiveCfg = Release|ARM
		{4ABBCBD5-723C-4E2C-B9FC-FE4EBB76F2DB}.Release (TRIAL)|ARM.Build.0 = Release|ARM
		{4ABBCBD5-723C-4E2C-B9FC-FE4EBB76F2DB}.Release (TRIAL)|Mixed Platforms.ActiveCfg = Release|x86
		{4ABBCBD5-723C-4E2C-B9FC-FE4EBB76F2DB}.Release (TRIAL)|Mixed Platforms.Build.0 = Release|x86
		{4ABBCBD5-723C-4E2C-B9FC-FE4EBB76F2DB}.Release (TRIAL)|Win32.ActiveCfg = Release|x86
		{4ABBCBD5-723C-4E2C-B9FC-FE4EBB76F2DB}.Release (TRIAL)|Win32.Build.0 = Release|x86
		{4ABBCBD5-723C-4E2C-B9FC-FE4EBB76F2DB}.Release (TRIAL)|x64.ActiveCfg = Release|x64
		{4ABBCBD5-723C-4E2C-B9FC-FE4EBB76F2DB}.Release (TRIAL)|x64.Build.0 = Release|x64
		{4ABBCBD5-723C-4E2C-B9FC-FE4EBB76F2DB}.Release (TRIAL)|x86.ActiveCfg = Release|x86
		{4ABBCBD5-723C-4E2C-B9FC-FE4EBB76F2DB}.Release (TRIAL)|x86.Build.0 = Release|x86
		{4ABBCBD5-723C-4E2C-B9FC-FE4EBB76F2DB}.Release (WINRT)|Any CPU.ActiveCfg = Release|Any CPU
		{4ABBCBD5-723C-4E2C-B9FC-FE4EBB76F2DB}.Release (WINRT)|Any CPU.Build.0 = Release|Any CPU
		{4ABBCBD5-723C-4E2C-B9FC-FE4EBB76F2DB}.Release (WINRT)|ARM.ActiveCfg = Release|ARM
		{4ABBCBD5-723C-4E2C-B9FC-FE4EBB76F2DB}.Release (WINRT)|ARM.Build.0 = Release|ARM
		{4ABBCBD5-723C-4E2C-B9FC-FE4EBB76F2DB}.Release (WINRT)|Mixed Platforms.ActiveCfg = Release|x86
		{4ABBCBD5-723C-4E2C-B9FC-FE4EBB76F2DB}.Release (WINRT)|Mixed Platforms.Build.0 = Release|x86
		{4ABBCBD5-723C-4E2C-B9FC-FE4EBB76F2DB}.Release (WINRT)|Win32.ActiveCfg = Release|x86
		{4ABBCBD5-723C-4E2C-B9FC-FE4EBB76F2DB}.Release (WINRT)|Win32.Build.0 = Release|x86
		{4ABBCBD5-723C-4E2C-B9FC-FE4EBB76F2DB}.Release (WINRT)|x64.ActiveCfg = Release|x64
		{4ABBCBD5-723C-4E2C-B9FC-FE4EBB76F2DB}.Release (WINRT)|x64.Build.0 = Release|x64
		{4ABBCBD5-723C-4E2C-B9FC-FE4EBB76F2DB}.Release (WINRT)|x86.ActiveCfg = Release|x86
		{4ABBCBD5-723C-4E2C-B9FC-FE4EBB76F2DB}.Release (WINRT)|x86.Build.0 = Release|x86
		{4ABBCBD5-723C-4E2C-B9FC-FE4EBB76F2DB}.Release|Any CPU.ActiveCfg = Release|Any CPU
		{4ABBCBD5-723C-4E2C-B9FC-FE4EBB76F2DB}.Release|Any CPU.Build.0 = Release|Any CPU
		{4ABBCBD5-723C-4E2C-B9FC-FE4EBB76F2DB}.Release|ARM.ActiveCfg = Release|ARM
		{4ABBCBD5-723C-4E2C-B9FC-FE4EBB76F2DB}.Release|ARM.Build.0 = Release|ARM
		{4ABBCBD5-723C-4E2C-B9FC-FE4EBB76F2DB}.Release|Mixed Platforms.ActiveCfg = Release|x86
		{4ABBCBD5-723C-4E2C-B9FC-FE4EBB76F2DB}.Release|Mixed Platforms.Build.0 = Release|x86
		{4ABBCBD5-723C-4E2C-B9FC-FE4EBB76F2DB}.Release|Win32.ActiveCfg = Release|x86
		{4ABBCBD5-723C-4E2C-B9FC-FE4EBB76F2DB}.Release|Win32.Build.0 = Release|x86
		{4ABBCBD5-723C-4E2C-B9FC-FE4EBB76F2DB}.Release|x64.ActiveCfg = Release|x64
		{4ABBCBD5-723C-4E2C-B9FC-FE4EBB76F2DB}.Release|x64.Build.0 = Release|x64
		{4ABBCBD5-723C-4E2C-B9FC-FE4EBB76F2DB}.Release|x86.ActiveCfg = Release|x86
		{4ABBCBD5-723C-4E2C-B9FC-FE4EBB76F2DB}.Release|x86.Build.0 = Release|x86
	EndGlobalSection
	GlobalSection(SolutionProperties) = preSolution
		HideSolutionNode = FALSE
	EndGlobalSection
EndGlobal
