
Microsoft Visual Studio Solution File, Format Version 12.00
# Visual Studio 2012
Project("{FAE04EC0-301F-11D3-BF4B-00C04F79EFBC}") = "SampleServer", "SampleServer\SampleServer.csproj", "{283A765B-FB8A-4702-964C-7C07C365E780}"
EndProject
Project("{FAE04EC0-301F-11D3-BF4B-00C04F79EFBC}") = "BasicWinRT", "BasicWinRT\BasicWinRT.csproj", "{BBBED47B-F6B5-4230-9E15-B18169416A3C}"
EndProject
Project("{FAE04EC0-301F-11D3-BF4B-00C04F79EFBC}") = "BasicNET", "BasicNET\BasicNET.csproj", "{0AF48012-484E-44D8-98DF-355BB7203BC5}"
EndProject
Global
	GlobalSection(SolutionConfigurationPlatforms) = preSolution
		Debug|Any CPU = Debug|Any CPU
		Debug|ARM = Debug|ARM
		Debug|x64 = Debug|x64
		Debug|x86 = Debug|x86
		Release|Any CPU = Release|Any CPU
		Release|ARM = Release|ARM
		Release|x64 = Release|x64
		Release|x86 = Release|x86
	EndGlobalSection
	GlobalSection(ProjectConfigurationPlatforms) = postSolution
		{283A765B-FB8A-4702-964C-7C07C365E780}.Debug|Any CPU.ActiveCfg = Debug|Any CPU
		{283A765B-FB8A-4702-964C-7C07C365E780}.Debug|Any CPU.Build.0 = Debug|Any CPU
		{283A765B-FB8A-4702-964C-7C07C365E780}.Debug|ARM.ActiveCfg = Debug|Any CPU
		{283A765B-FB8A-4702-964C-7C07C365E780}.Debug|x64.ActiveCfg = Debug|Any CPU
		{283A765B-FB8A-4702-964C-7C07C365E780}.Debug|x86.ActiveCfg = Debug|Any CPU
		{283A765B-FB8A-4702-964C-7C07C365E780}.Release|Any CPU.ActiveCfg = Release|Any CPU
		{283A765B-FB8A-4702-964C-7C07C365E780}.Release|Any CPU.Build.0 = Release|Any CPU
		{283A765B-FB8A-4702-964C-7C07C365E780}.Release|ARM.ActiveCfg = Release|Any CPU
		{283A765B-FB8A-4702-964C-7C07C365E780}.Release|x64.ActiveCfg = Release|Any CPU
		{283A765B-FB8A-4702-964C-7C07C365E780}.Release|x86.ActiveCfg = Release|Any CPU
		{BBBED47B-F6B5-4230-9E15-B18169416A3C}.Debug|Any CPU.ActiveCfg = Debug|Any CPU
		{BBBED47B-F6B5-4230-9E15-B18169416A3C}.Debug|Any CPU.Build.0 = Debug|Any CPU
		{BBBED47B-F6B5-4230-9E15-B18169416A3C}.Debug|Any CPU.Deploy.0 = Debug|Any CPU
		{BBBED47B-F6B5-4230-9E15-B18169416A3C}.Debug|ARM.ActiveCfg = Debug|ARM
		{BBBED47B-F6B5-4230-9E15-B18169416A3C}.Debug|ARM.Build.0 = Debug|ARM
		{BBBED47B-F6B5-4230-9E15-B18169416A3C}.Debug|ARM.Deploy.0 = Debug|ARM
		{BBBED47B-F6B5-4230-9E15-B18169416A3C}.Debug|x64.ActiveCfg = Debug|x64
		{BBBED47B-F6B5-4230-9E15-B18169416A3C}.Debug|x64.Build.0 = Debug|x64
		{BBBED47B-F6B5-4230-9E15-B18169416A3C}.Debug|x64.Deploy.0 = Debug|x64
		{BBBED47B-F6B5-4230-9E15-B18169416A3C}.Debug|x86.ActiveCfg = Debug|x86
		{BBBED47B-F6B5-4230-9E15-B18169416A3C}.Debug|x86.Build.0 = Debug|x86
		{BBBED47B-F6B5-4230-9E15-B18169416A3C}.Debug|x86.Deploy.0 = Debug|x86
		{BBBED47B-F6B5-4230-9E15-B18169416A3C}.Release|Any CPU.ActiveCfg = Release|Any CPU
		{BBBED47B-F6B5-4230-9E15-B18169416A3C}.Release|Any CPU.Build.0 = Release|Any CPU
		{BBBED47B-F6B5-4230-9E15-B18169416A3C}.Release|Any CPU.Deploy.0 = Release|Any CPU
		{BBBED47B-F6B5-4230-9E15-B18169416A3C}.Release|ARM.ActiveCfg = Release|ARM
		{BBBED47B-F6B5-4230-9E15-B18169416A3C}.Release|ARM.Build.0 = Release|ARM
		{BBBED47B-F6B5-4230-9E15-B18169416A3C}.Release|ARM.Deploy.0 = Release|ARM
		{BBBED47B-F6B5-4230-9E15-B18169416A3C}.Release|x64.ActiveCfg = Release|x64
		{BBBED47B-F6B5-4230-9E15-B18169416A3C}.Release|x64.Build.0 = Release|x64
		{BBBED47B-F6B5-4230-9E15-B18169416A3C}.Release|x64.Deploy.0 = Release|x64
		{BBBED47B-F6B5-4230-9E15-B18169416A3C}.Release|x86.ActiveCfg = Release|x86
		{BBBED47B-F6B5-4230-9E15-B18169416A3C}.Release|x86.Build.0 = Release|x86
		{BBBED47B-F6B5-4230-9E15-B18169416A3C}.Release|x86.Deploy.0 = Release|x86
		{0AF48012-484E-44D8-98DF-355BB7203BC5}.Debug|Any CPU.ActiveCfg = Debug|Any CPU
		{0AF48012-484E-44D8-98DF-355BB7203BC5}.Debug|Any CPU.Build.0 = Debug|Any CPU
		{0AF48012-484E-44D8-98DF-355BB7203BC5}.Debug|ARM.ActiveCfg = Debug|Any CPU
		{0AF48012-484E-44D8-98DF-355BB7203BC5}.Debug|x64.ActiveCfg = Debug|Any CPU
		{0AF48012-484E-44D8-98DF-355BB7203BC5}.Debug|x86.ActiveCfg = Debug|Any CPU
		{0AF48012-484E-44D8-98DF-355BB7203BC5}.Release|Any CPU.ActiveCfg = Release|Any CPU
		{0AF48012-484E-44D8-98DF-355BB7203BC5}.Release|Any CPU.Build.0 = Release|Any CPU
		{0AF48012-484E-44D8-98DF-355BB7203BC5}.Release|ARM.ActiveCfg = Release|Any CPU
		{0AF48012-484E-44D8-98DF-355BB7203BC5}.Release|x64.ActiveCfg = Release|Any CPU
		{0AF48012-484E-44D8-98DF-355BB7203BC5}.Release|x86.ActiveCfg = Release|Any CPU
	EndGlobalSection
	GlobalSection(SolutionProperties) = preSolution
		HideSolutionNode = FALSE
	EndGlobalSection
EndGlobal
